
Microsoft Visual Studio Solution File, Format Version 12.00
# Visual Studio 15
VisualStudioVersion = 15.0.28307.271
MinimumVisualStudioVersion = 10.0.40219.1
Project("{9A19103F-16F7-4668-BE54-9A1E7A4F7556}") = "ConsoleApp1", "ConsoleApp1\ConsoleApp1.csproj", "{8F1FA66F-6D0B-4671-AAB0-DD2C18568802}"
EndProject
Project("{2150E333-8FDC-42A3-9474-1A3956D46DE8}") = "04. Solid", "04. Solid", "{136CA3E7-3362-44BA-B7A6-7FA5B71596FC}"
EndProject
Project("{2150E333-8FDC-42A3-9474-1A3956D46DE8}") = "06. Generics", "06. Generics", "{1C5A2BD3-627D-4901-99F7-3946FEED5205}"
EndProject
Project("{9A19103F-16F7-4668-BE54-9A1E7A4F7556}") = "01.GenericBoxOfString", "01.GenericBoxOfString\01.GenericBoxOfString.csproj", "{93DDB827-7F4F-4A6B-8881-EAF800AE79F4}"
EndProject
Project("{9A19103F-16F7-4668-BE54-9A1E7A4F7556}") = "07. Custom List", "07. Custom List\07. Custom List.csproj", "{860B0946-DA9F-4AB8-9378-DF06EA5A5C02}"
EndProject
Project("{9A19103F-16F7-4668-BE54-9A1E7A4F7556}") = "ConsoleApp2", "ConsoleApp2\ConsoleApp2.csproj", "{CC87E9F7-1E43-4C9F-9D99-E2B541E41FB9}"
EndProject
Project("{2150E333-8FDC-42A3-9474-1A3956D46DE8}") = "08.Iterators and Comparators - Exercise", "08.Iterators and Comparators - Exercise", "{A36666BC-7BE7-4423-A031-2FA5F8E169A5}"
EndProject
Project("{9A19103F-16F7-4668-BE54-9A1E7A4F7556}") = "01.ListyIterator", "01. ListyIterator\01.ListyIterator.csproj", "{DC0D85CF-BA37-452F-B2D8-539A1C9E1E0C}"
EndProject
Project("{9A19103F-16F7-4668-BE54-9A1E7A4F7556}") = "03.StackWithNode", "03.Stack\03.StackWithNode.csproj", "{120C6A1B-71B3-4F99-B3EC-37056231AF04}"
EndProject
Project("{9A19103F-16F7-4668-BE54-9A1E7A4F7556}") = "04.Froggy", "04.Froggy\04.Froggy.csproj", "{8C4627C2-7676-475E-9C9F-0A3432F22ABD}"
EndProject
Project("{9A19103F-16F7-4668-BE54-9A1E7A4F7556}") = "05.ComparingObjects", "05.ComparingObjects\05.ComparingObjects.csproj", "{B18473B7-0648-4716-ADF7-BFD7CC40F7E9}"
EndProject
Project("{9A19103F-16F7-4668-BE54-9A1E7A4F7556}") = "08.PetClinic", "08.PetClinic\08.PetClinic.csproj", "{20F1A96C-62F0-4B3A-A50B-7152CE27B701}"
EndProject
Project("{FAE04EC0-301F-11D3-BF4B-00C04F79EFBC}") = "09.LinkedListTraversal", "09.LinkedListTraversal\09.LinkedListTraversal.csproj", "{EF31F6E9-2E4F-43B0-9062-D75168888D99}"
EndProject
Project("{2150E333-8FDC-42A3-9474-1A3956D46DE8}") = "09.Reflection and Attributes - Lab", "09.Reflection and Attributes - Lab", "{81FD6197-DA50-4128-8EC2-DF76C1F48CDD}"
EndProject
Project("{FAE04EC0-301F-11D3-BF4B-00C04F79EFBC}") = "01.Stealer", "01.Stealer\01.Stealer.csproj", "{2DA102D0-D445-46D8-B3FE-59473FEDA342}"
EndProject
Project("{FAE04EC0-301F-11D3-BF4B-00C04F79EFBC}") = "02.HighQualityMistakes", "02.HighQualityMistakes\02.HighQualityMistakes.csproj", "{53900130-13F4-4113-96B9-FCF0422005F8}"
EndProject
Global
	GlobalSection(SolutionConfigurationPlatforms) = preSolution
		Debug|Any CPU = Debug|Any CPU
		Release|Any CPU = Release|Any CPU
	EndGlobalSection
	GlobalSection(ProjectConfigurationPlatforms) = postSolution
		{8F1FA66F-6D0B-4671-AAB0-DD2C18568802}.Debug|Any CPU.ActiveCfg = Debug|Any CPU
		{8F1FA66F-6D0B-4671-AAB0-DD2C18568802}.Debug|Any CPU.Build.0 = Debug|Any CPU
		{8F1FA66F-6D0B-4671-AAB0-DD2C18568802}.Release|Any CPU.ActiveCfg = Release|Any CPU
		{8F1FA66F-6D0B-4671-AAB0-DD2C18568802}.Release|Any CPU.Build.0 = Release|Any CPU
		{93DDB827-7F4F-4A6B-8881-EAF800AE79F4}.Debug|Any CPU.ActiveCfg = Debug|Any CPU
		{93DDB827-7F4F-4A6B-8881-EAF800AE79F4}.Debug|Any CPU.Build.0 = Debug|Any CPU
		{93DDB827-7F4F-4A6B-8881-EAF800AE79F4}.Release|Any CPU.ActiveCfg = Release|Any CPU
		{93DDB827-7F4F-4A6B-8881-EAF800AE79F4}.Release|Any CPU.Build.0 = Release|Any CPU
		{860B0946-DA9F-4AB8-9378-DF06EA5A5C02}.Debug|Any CPU.ActiveCfg = Debug|Any CPU
		{860B0946-DA9F-4AB8-9378-DF06EA5A5C02}.Debug|Any CPU.Build.0 = Debug|Any CPU
		{860B0946-DA9F-4AB8-9378-DF06EA5A5C02}.Release|Any CPU.ActiveCfg = Release|Any CPU
		{860B0946-DA9F-4AB8-9378-DF06EA5A5C02}.Release|Any CPU.Build.0 = Release|Any CPU
		{CC87E9F7-1E43-4C9F-9D99-E2B541E41FB9}.Debug|Any CPU.ActiveCfg = Debug|Any CPU
		{CC87E9F7-1E43-4C9F-9D99-E2B541E41FB9}.Debug|Any CPU.Build.0 = Debug|Any CPU
		{CC87E9F7-1E43-4C9F-9D99-E2B541E41FB9}.Release|Any CPU.ActiveCfg = Release|Any CPU
		{CC87E9F7-1E43-4C9F-9D99-E2B541E41FB9}.Release|Any CPU.Build.0 = Release|Any CPU
		{DC0D85CF-BA37-452F-B2D8-539A1C9E1E0C}.Debug|Any CPU.ActiveCfg = Debug|Any CPU
		{DC0D85CF-BA37-452F-B2D8-539A1C9E1E0C}.Debug|Any CPU.Build.0 = Debug|Any CPU
		{DC0D85CF-BA37-452F-B2D8-539A1C9E1E0C}.Release|Any CPU.ActiveCfg = Release|Any CPU
		{DC0D85CF-BA37-452F-B2D8-539A1C9E1E0C}.Release|Any CPU.Build.0 = Release|Any CPU
		{120C6A1B-71B3-4F99-B3EC-37056231AF04}.Debug|Any CPU.ActiveCfg = Debug|Any CPU
		{120C6A1B-71B3-4F99-B3EC-37056231AF04}.Debug|Any CPU.Build.0 = Debug|Any CPU
		{120C6A1B-71B3-4F99-B3EC-37056231AF04}.Release|Any CPU.ActiveCfg = Release|Any CPU
		{120C6A1B-71B3-4F99-B3EC-37056231AF04}.Release|Any CPU.Build.0 = Release|Any CPU
		{8C4627C2-7676-475E-9C9F-0A3432F22ABD}.Debug|Any CPU.ActiveCfg = Debug|Any CPU
		{8C4627C2-7676-475E-9C9F-0A3432F22ABD}.Debug|Any CPU.Build.0 = Debug|Any CPU
		{8C4627C2-7676-475E-9C9F-0A3432F22ABD}.Release|Any CPU.ActiveCfg = Release|Any CPU
		{8C4627C2-7676-475E-9C9F-0A3432F22ABD}.Release|Any CPU.Build.0 = Release|Any CPU
		{B18473B7-0648-4716-ADF7-BFD7CC40F7E9}.Debug|Any CPU.ActiveCfg = Debug|Any CPU
		{B18473B7-0648-4716-ADF7-BFD7CC40F7E9}.Debug|Any CPU.Build.0 = Debug|Any CPU
		{B18473B7-0648-4716-ADF7-BFD7CC40F7E9}.Release|Any CPU.ActiveCfg = Release|Any CPU
		{B18473B7-0648-4716-ADF7-BFD7CC40F7E9}.Release|Any CPU.Build.0 = Release|Any CPU
		{20F1A96C-62F0-4B3A-A50B-7152CE27B701}.Debug|Any CPU.ActiveCfg = Debug|Any CPU
		{20F1A96C-62F0-4B3A-A50B-7152CE27B701}.Debug|Any CPU.Build.0 = Debug|Any CPU
		{20F1A96C-62F0-4B3A-A50B-7152CE27B701}.Release|Any CPU.ActiveCfg = Release|Any CPU
		{20F1A96C-62F0-4B3A-A50B-7152CE27B701}.Release|Any CPU.Build.0 = Release|Any CPU
		{EF31F6E9-2E4F-43B0-9062-D75168888D99}.Debug|Any CPU.ActiveCfg = Debug|Any CPU
		{EF31F6E9-2E4F-43B0-9062-D75168888D99}.Debug|Any CPU.Build.0 = Debug|Any CPU
		{EF31F6E9-2E4F-43B0-9062-D75168888D99}.Release|Any CPU.ActiveCfg = Release|Any CPU
		{EF31F6E9-2E4F-43B0-9062-D75168888D99}.Release|Any CPU.Build.0 = Release|Any CPU
		{2DA102D0-D445-46D8-B3FE-59473FEDA342}.Debug|Any CPU.ActiveCfg = Debug|Any CPU
		{2DA102D0-D445-46D8-B3FE-59473FEDA342}.Debug|Any CPU.Build.0 = Debug|Any CPU
		{2DA102D0-D445-46D8-B3FE-59473FEDA342}.Release|Any CPU.ActiveCfg = Release|Any CPU
		{2DA102D0-D445-46D8-B3FE-59473FEDA342}.Release|Any CPU.Build.0 = Release|Any CPU
		{53900130-13F4-4113-96B9-FCF0422005F8}.Debug|Any CPU.ActiveCfg = Debug|Any CPU
		{53900130-13F4-4113-96B9-FCF0422005F8}.Debug|Any CPU.Build.0 = Debug|Any CPU
		{53900130-13F4-4113-96B9-FCF0422005F8}.Release|Any CPU.ActiveCfg = Release|Any CPU
		{53900130-13F4-4113-96B9-FCF0422005F8}.Release|Any CPU.Build.0 = Release|Any CPU
	EndGlobalSection
	GlobalSection(SolutionProperties) = preSolution
		HideSolutionNode = FALSE
	EndGlobalSection
	GlobalSection(NestedProjects) = preSolution
		{8F1FA66F-6D0B-4671-AAB0-DD2C18568802} = {136CA3E7-3362-44BA-B7A6-7FA5B71596FC}
		{93DDB827-7F4F-4A6B-8881-EAF800AE79F4} = {1C5A2BD3-627D-4901-99F7-3946FEED5205}
		{860B0946-DA9F-4AB8-9378-DF06EA5A5C02} = {1C5A2BD3-627D-4901-99F7-3946FEED5205}
		{DC0D85CF-BA37-452F-B2D8-539A1C9E1E0C} = {A36666BC-7BE7-4423-A031-2FA5F8E169A5}
		{120C6A1B-71B3-4F99-B3EC-37056231AF04} = {A36666BC-7BE7-4423-A031-2FA5F8E169A5}
		{8C4627C2-7676-475E-9C9F-0A3432F22ABD} = {A36666BC-7BE7-4423-A031-2FA5F8E169A5}
		{B18473B7-0648-4716-ADF7-BFD7CC40F7E9} = {A36666BC-7BE7-4423-A031-2FA5F8E169A5}
		{20F1A96C-62F0-4B3A-A50B-7152CE27B701} = {A36666BC-7BE7-4423-A031-2FA5F8E169A5}
		{EF31F6E9-2E4F-43B0-9062-D75168888D99} = {A36666BC-7BE7-4423-A031-2FA5F8E169A5}
		{2DA102D0-D445-46D8-B3FE-59473FEDA342} = {81FD6197-DA50-4128-8EC2-DF76C1F48CDD}
		{53900130-13F4-4113-96B9-FCF0422005F8} = {81FD6197-DA50-4128-8EC2-DF76C1F48CDD}
	EndGlobalSection
	GlobalSection(ExtensibilityGlobals) = postSolution
		SolutionGuid = {995EA077-AB73-4DA5-A04E-282F3C48F6C9}
	EndGlobalSection
EndGlobal
