
Microsoft Visual Studio Solution File, Format Version 12.00
# Visual Studio 15
VisualStudioVersion = 15.0.28307.271
MinimumVisualStudioVersion = 10.0.40219.1
Project("{2150E333-8FDC-42A3-9474-1A3956D46DE8}") = "03.Defining Classes - Lab", "03.Defining Classes - Lab", "{EBEBAF2C-6263-4655-A1AC-C2E9552C5EDE}"
EndProject
Project("{9A19103F-16F7-4668-BE54-9A1E7A4F7556}") = "01.BankAccount", "01.BankAccount\01.BankAccount.csproj", "{EDEBA355-2E67-4380-AB8C-7E756FCF6C39}"
EndProject
Project("{9A19103F-16F7-4668-BE54-9A1E7A4F7556}") = "04.PersonClass", "04.PersonClass\04.PersonClass.csproj", "{E422FBDC-E728-4741-B688-E87355BB94A6}"
EndProject
Project("{2150E333-8FDC-42A3-9474-1A3956D46DE8}") = "04.Defining Classes - Exercise", "04.Defining Classes - Exercise", "{D1B9A284-97E7-400D-B26F-9D2D40015704}"
EndProject
Project("{9A19103F-16F7-4668-BE54-9A1E7A4F7556}") = "01.DefineClassPerson", "01.DefineClassPerson\01.DefineClassPerson.csproj", "{918A1577-56B8-4706-B809-6BE3EA9F1E19}"
EndProject
Project("{9A19103F-16F7-4668-BE54-9A1E7A4F7556}") = "04.OpinionPoll", "04.OpinionPoll\04.OpinionPoll.csproj", "{0BE31E3F-210B-4495-AD77-40894A79180D}"
EndProject
Project("{9A19103F-16F7-4668-BE54-9A1E7A4F7556}") = "05.DateModifier", "05.DateModifier\05.DateModifier.csproj", "{99F47C19-5299-407A-AAE6-6F299C6EFFB2}"
EndProject
Project("{9A19103F-16F7-4668-BE54-9A1E7A4F7556}") = "06.CompanyRoster", "06.CompanyRoster\06.CompanyRoster.csproj", "{A3C16381-EDD7-4EDA-AF6D-80929EF673A0}"
EndProject
Project("{9A19103F-16F7-4668-BE54-9A1E7A4F7556}") = "07.SpeedRacing", "07.SpeedRacing\07.SpeedRacing.csproj", "{13671275-8BEB-45CD-9F90-D8CA87AAD7BA}"
EndProject
Project("{9A19103F-16F7-4668-BE54-9A1E7A4F7556}") = "08.RawData", "08.RawData\08.RawData.csproj", "{6F163E37-64EB-45E1-ABEB-1C8AEB6C9335}"
EndProject
Project("{9A19103F-16F7-4668-BE54-9A1E7A4F7556}") = "09.RectangleIntersection", "09.RectangleIntersection\09.RectangleIntersection.csproj", "{5ADBC106-2D10-468F-BE12-290EC6A6BB3F}"
EndProject
Project("{9A19103F-16F7-4668-BE54-9A1E7A4F7556}") = "10.CarSalesman", "10. CarSalesman\10.CarSalesman.csproj", "{08EA9891-E044-41C7-AF71-99D828D66EC4}"
EndProject
Project("{9A19103F-16F7-4668-BE54-9A1E7A4F7556}") = "11.PokemonTrainer", "11.PokemonTrainer\11.PokemonTrainer.csproj", "{DD801758-323E-415C-AD06-A68E9A2C6D2A}"
EndProject
Project("{9A19103F-16F7-4668-BE54-9A1E7A4F7556}") = "12.Google", "12.Google\12.Google.csproj", "{19D74A4D-5230-4720-9EAE-CE03ED7FC496}"
EndProject
Project("{9A19103F-16F7-4668-BE54-9A1E7A4F7556}") = "13.FamilyTree", "13.FamilyTree\13.FamilyTree.csproj", "{79D475D8-7104-40F3-8FFC-B2F2AD89991F}"
EndProject
Project("{2150E333-8FDC-42A3-9474-1A3956D46DE8}") = "05.Working with Abstraction - Lab", "05.Working with Abstraction - Lab", "{83493BAE-81A2-4557-9B11-D35345671031}"
EndProject
Project("{9A19103F-16F7-4668-BE54-9A1E7A4F7556}") = "01.RhombusOfStars", "01.RhombusOfStars\01.RhombusOfStars.csproj", "{C58D75B4-B8C2-496E-9AF9-CB634A52D07D}"
EndProject
Project("{9A19103F-16F7-4668-BE54-9A1E7A4F7556}") = "02.PointInRectangle", "02.PointInRectangle\02.PointInRectangle.csproj", "{069CDBBC-9FE9-4161-A194-6A39CAEC7A53}"
EndProject
Project("{9A19103F-16F7-4668-BE54-9A1E7A4F7556}") = "04.HotelReservation", "04.HotelReservation\04.HotelReservation.csproj", "{60C68639-8A62-4DEB-B67D-677D72E63956}"
EndProject
Project("{2150E333-8FDC-42A3-9474-1A3956D46DE8}") = "07.Encapsulation - Lab", "07.Encapsulation - Lab", "{AEF746F3-C777-4428-8B3A-65951CF24FE3}"
EndProject
Project("{9A19103F-16F7-4668-BE54-9A1E7A4F7556}") = "01.Persons", "01.Persons\01.Persons.csproj", "{FBA6FFE1-59A2-467D-8C00-726766C98A5D}"
EndProject
Project("{2150E333-8FDC-42A3-9474-1A3956D46DE8}") = "08.Encapsulation - Exercise", "08.Encapsulation - Exercise", "{F175FB60-5196-4DD8-8853-46BE55732DCD}"
EndProject
Project("{9A19103F-16F7-4668-BE54-9A1E7A4F7556}") = "01.ClassBox", "01.ClassBox\01.ClassBox.csproj", "{826A9B85-A51D-44E1-A10C-C15ECE0F3ED1}"
EndProject
Project("{9A19103F-16F7-4668-BE54-9A1E7A4F7556}") = "04.ShoppingSpree", "04.ShoppingSpree\04.ShoppingSpree.csproj", "{E67AE652-6C78-433B-8E30-3A01E0A51128}"
EndProject
Project("{9A19103F-16F7-4668-BE54-9A1E7A4F7556}") = "05.PizzaCalories", "05.PizzaCalories\05.PizzaCalories.csproj", "{BF845EF5-EB11-4B83-8205-FADF1723F4FE}"
EndProject
Project("{9A19103F-16F7-4668-BE54-9A1E7A4F7556}") = "06.FootballTeamGenerator", "06.FootballTeamGenerator\06.FootballTeamGenerator.csproj", "{F0BDA10E-6AAA-4CD7-AF2F-FD5EE2D6AF46}"
EndProject
Project("{2150E333-8FDC-42A3-9474-1A3956D46DE8}") = "09.Inheritance - Lab", "09.Inheritance - Lab", "{FACE18DE-B047-4190-930C-2F69937C132A}"
EndProject
Project("{9A19103F-16F7-4668-BE54-9A1E7A4F7556}") = "01.SingleInheritance", "01.SingleInheritance\01.SingleInheritance.csproj", "{DB776628-C2E3-4E67-A5B8-13DA786FD74D}"
EndProject
Project("{9A19103F-16F7-4668-BE54-9A1E7A4F7556}") = "03.HierarchicalInheritance", "03.HierarchicalInheritance\03.HierarchicalInheritance.csproj", "{E9352713-A0D0-4E41-987C-CE934A705DD1}"
EndProject
Project("{9A19103F-16F7-4668-BE54-9A1E7A4F7556}") = "05.StackofStrings", "05.StackofStrings\05.StackofStrings.csproj", "{77A279E7-84CF-4F81-8D6F-820CE690A5ED}"
EndProject
Project("{2150E333-8FDC-42A3-9474-1A3956D46DE8}") = "10.Inheritance - Exercise", "10.Inheritance - Exercise", "{97DCC181-C0CE-4162-9CEC-AB8EF75C0465}"
EndProject
Project("{9A19103F-16F7-4668-BE54-9A1E7A4F7556}") = "01.Person", "01.Person\01.Person.csproj", "{C182778C-9B10-4586-87D1-E85CFE08F00F}"
EndProject
Project("{9A19103F-16F7-4668-BE54-9A1E7A4F7556}") = "ConsoleApp1", "ConsoleApp1\ConsoleApp1.csproj", "{20ADD86E-A6C5-4CFE-AE63-9F46D19EB22E}"
EndProject
Project("{9A19103F-16F7-4668-BE54-9A1E7A4F7556}") = "02.BookShop", "02.BookShop\02.BookShop.csproj", "{FA8F2221-E33E-4A57-8879-00899B42329F}"
EndProject
Project("{9A19103F-16F7-4668-BE54-9A1E7A4F7556}") = "03.Mankind", "03.Mankind\03.Mankind.csproj", "{906E9BA1-A2E4-4CE4-A0B8-2181FAC22085}"
EndProject
Project("{9A19103F-16F7-4668-BE54-9A1E7A4F7556}") = "04.OnlineRadioDatabase", "04.OnlineRadioDatabase\04.OnlineRadioDatabase.csproj", "{23C156FB-4069-4038-9BB6-FD47EE8516D4}"
EndProject
Project("{9A19103F-16F7-4668-BE54-9A1E7A4F7556}") = "05.Mordor'sCruelPlan", "05.Mordor'sCruelPlan\05.Mordor'sCruelPlan.csproj", "{92A01E26-1DC2-4DFA-9DA6-C78E1DD676E7}"
EndProject
Project("{9A19103F-16F7-4668-BE54-9A1E7A4F7556}") = "06.Animals", "06.Animals\06.Animals.csproj", "{FF3B2AB3-0AF2-48FD-A0C0-B4F79F5998C2}"
EndProject
Project("{2150E333-8FDC-42A3-9474-1A3956D46DE8}") = "12.Interfaces and Abstraction - Exercise", "12.Interfaces and Abstraction - Exercise", "{444F4291-56E9-4ACC-9267-6B0AAE919E2F}"
EndProject
Project("{9A19103F-16F7-4668-BE54-9A1E7A4F7556}") = "01.DefineAnInterfaceIPerson", "01.DefineAnInterfaceIPerson\01.DefineAnInterfaceIPerson.csproj", "{0466ADE6-DB18-4FF5-A328-0D65F25724EA}"
EndProject
Project("{9A19103F-16F7-4668-BE54-9A1E7A4F7556}") = "03.Ferrari", "03.Ferrari\03.Ferrari.csproj", "{AA1D4966-F26A-4443-8567-DDAE4E257E78}"
EndProject
Project("{9A19103F-16F7-4668-BE54-9A1E7A4F7556}") = "04.Telephony", "04.Telephony\04.Telephony.csproj", "{70B0573E-1F28-42C1-9DAB-6FE65B789BB1}"
EndProject
Project("{9A19103F-16F7-4668-BE54-9A1E7A4F7556}") = "05.BorderControl", "05.BorderControl\05.BorderControl.csproj", "{72E8B1DA-D4B4-44A2-AFB5-288DB12C566E}"
EndProject
Project("{9A19103F-16F7-4668-BE54-9A1E7A4F7556}") = "08.MilitaryElite", "08.MilitaryElite\08.MilitaryElite.csproj", "{B748A010-61B9-4322-9391-01DB5B53FF83}"
EndProject
Project("{9A19103F-16F7-4668-BE54-9A1E7A4F7556}") = "09.CollectionHierarchy", "09.CollectionHierarchy\09.CollectionHierarchy.csproj", "{2ACCB972-D23E-42F0-9998-340D9F359FCF}"
EndProject
Project("{9A19103F-16F7-4668-BE54-9A1E7A4F7556}") = "10.ExplicitInterfaces", "10.ExplicitInterfaces\10.ExplicitInterfaces.csproj", "{C608D463-9136-4927-B162-E85F16B4A47D}"
EndProject
Project("{2150E333-8FDC-42A3-9474-1A3956D46DE8}") = "14.Polymorphism - Exercise", "14.Polymorphism - Exercise", "{FB8EB9CD-D658-408D-8731-7510146531F1}"
EndProject
Project("{9A19103F-16F7-4668-BE54-9A1E7A4F7556}") = "01.Vehicles", "01.Vehicles\01.Vehicles.csproj", "{C8D6E2ED-5527-4C19-B199-7F72F29CF6A9}"
EndProject
Project("{9A19103F-16F7-4668-BE54-9A1E7A4F7556}") = "03.WildFarm", "03.WildFarm\03.WildFarm.csproj", "{7824C4E3-699F-48F7-AC68-F04839D8BF51}"
EndProject
Project("{2150E333-8FDC-42A3-9474-1A3956D46DE8}") = "Exam prep", "Exam prep", "{E856FE62-BE0D-4901-8556-6185E4622C13}"
EndProject
Project("{9A19103F-16F7-4668-BE54-9A1E7A4F7556}") = "StorageMaster", "StorageMaster\StorageMaster.csproj", "{05B74B99-A9C9-41A9-A83D-791C90B46C33}"
EndProject
Project("{9A19103F-16F7-4668-BE54-9A1E7A4F7556}") = "ConsoleApp3", "ConsoleApp3\ConsoleApp3.csproj", "{6DF9E32F-4B7C-478A-8B1D-53BFDCC55D81}"
EndProject
Project("{9A19103F-16F7-4668-BE54-9A1E7A4F7556}") = "DungeonsAndCodeWizards", "DungeonsAndCodeWizards\DungeonsAndCodeWizards.csproj", "{6D6834E5-7CBB-4111-8A9A-B6C437D1780D}"
EndProject
Project("{2150E333-8FDC-42A3-9474-1A3956D46DE8}") = "Exam - 18 March 2018", "Exam - 18 March 2018", "{96F36404-9A60-42AE-BFB5-5D3E9C923487}"
EndProject
Project("{2150E333-8FDC-42A3-9474-1A3956D46DE8}") = "Exam Retake - 26 April 2018", "Exam Retake - 26 April 2018", "{D5FF9A99-560E-4C6A-A8A1-7B563FC95793}"
EndProject
Project("{2150E333-8FDC-42A3-9474-1A3956D46DE8}") = "Exam", "Exam", "{05BC79EB-3742-4528-97B5-0C437993C1C5}"
EndProject
Project("{9A19103F-16F7-4668-BE54-9A1E7A4F7556}") = "AnimalCentre", "Exam\AnimalCentre\AnimalCentre.csproj", "{03D15BC8-02FA-4D70-93D6-7F2A7E8882E1}"
EndProject
Project("{9A19103F-16F7-4668-BE54-9A1E7A4F7556}") = "test enum", "test enum\test enum.csproj", "{76C8363A-0665-46DA-A498-3A493EFE9950}"
EndProject
Project("{FAE04EC0-301F-11D3-BF4B-00C04F79EFBC}") = "ConsoleApp4", "ConsoleApp4\ConsoleApp4.csproj", "{93790F1A-E140-4EC6-9F3F-E54CCD01C108}"
EndProject
Global
	GlobalSection(SolutionConfigurationPlatforms) = preSolution
		Debug|Any CPU = Debug|Any CPU
		Release|Any CPU = Release|Any CPU
	EndGlobalSection
	GlobalSection(ProjectConfigurationPlatforms) = postSolution
		{EDEBA355-2E67-4380-AB8C-7E756FCF6C39}.Debug|Any CPU.ActiveCfg = Debug|Any CPU
		{EDEBA355-2E67-4380-AB8C-7E756FCF6C39}.Debug|Any CPU.Build.0 = Debug|Any CPU
		{EDEBA355-2E67-4380-AB8C-7E756FCF6C39}.Release|Any CPU.ActiveCfg = Release|Any CPU
		{EDEBA355-2E67-4380-AB8C-7E756FCF6C39}.Release|Any CPU.Build.0 = Release|Any CPU
		{E422FBDC-E728-4741-B688-E87355BB94A6}.Debug|Any CPU.ActiveCfg = Debug|Any CPU
		{E422FBDC-E728-4741-B688-E87355BB94A6}.Debug|Any CPU.Build.0 = Debug|Any CPU
		{E422FBDC-E728-4741-B688-E87355BB94A6}.Release|Any CPU.ActiveCfg = Release|Any CPU
		{E422FBDC-E728-4741-B688-E87355BB94A6}.Release|Any CPU.Build.0 = Release|Any CPU
		{918A1577-56B8-4706-B809-6BE3EA9F1E19}.Debug|Any CPU.ActiveCfg = Debug|Any CPU
		{918A1577-56B8-4706-B809-6BE3EA9F1E19}.Debug|Any CPU.Build.0 = Debug|Any CPU
		{918A1577-56B8-4706-B809-6BE3EA9F1E19}.Release|Any CPU.ActiveCfg = Release|Any CPU
		{918A1577-56B8-4706-B809-6BE3EA9F1E19}.Release|Any CPU.Build.0 = Release|Any CPU
		{0BE31E3F-210B-4495-AD77-40894A79180D}.Debug|Any CPU.ActiveCfg = Debug|Any CPU
		{0BE31E3F-210B-4495-AD77-40894A79180D}.Debug|Any CPU.Build.0 = Debug|Any CPU
		{0BE31E3F-210B-4495-AD77-40894A79180D}.Release|Any CPU.ActiveCfg = Release|Any CPU
		{0BE31E3F-210B-4495-AD77-40894A79180D}.Release|Any CPU.Build.0 = Release|Any CPU
		{99F47C19-5299-407A-AAE6-6F299C6EFFB2}.Debug|Any CPU.ActiveCfg = Debug|Any CPU
		{99F47C19-5299-407A-AAE6-6F299C6EFFB2}.Debug|Any CPU.Build.0 = Debug|Any CPU
		{99F47C19-5299-407A-AAE6-6F299C6EFFB2}.Release|Any CPU.ActiveCfg = Release|Any CPU
		{99F47C19-5299-407A-AAE6-6F299C6EFFB2}.Release|Any CPU.Build.0 = Release|Any CPU
		{A3C16381-EDD7-4EDA-AF6D-80929EF673A0}.Debug|Any CPU.ActiveCfg = Debug|Any CPU
		{A3C16381-EDD7-4EDA-AF6D-80929EF673A0}.Debug|Any CPU.Build.0 = Debug|Any CPU
		{A3C16381-EDD7-4EDA-AF6D-80929EF673A0}.Release|Any CPU.ActiveCfg = Release|Any CPU
		{A3C16381-EDD7-4EDA-AF6D-80929EF673A0}.Release|Any CPU.Build.0 = Release|Any CPU
		{13671275-8BEB-45CD-9F90-D8CA87AAD7BA}.Debug|Any CPU.ActiveCfg = Debug|Any CPU
		{13671275-8BEB-45CD-9F90-D8CA87AAD7BA}.Debug|Any CPU.Build.0 = Debug|Any CPU
		{13671275-8BEB-45CD-9F90-D8CA87AAD7BA}.Release|Any CPU.ActiveCfg = Release|Any CPU
		{13671275-8BEB-45CD-9F90-D8CA87AAD7BA}.Release|Any CPU.Build.0 = Release|Any CPU
		{6F163E37-64EB-45E1-ABEB-1C8AEB6C9335}.Debug|Any CPU.ActiveCfg = Debug|Any CPU
		{6F163E37-64EB-45E1-ABEB-1C8AEB6C9335}.Debug|Any CPU.Build.0 = Debug|Any CPU
		{6F163E37-64EB-45E1-ABEB-1C8AEB6C9335}.Release|Any CPU.ActiveCfg = Release|Any CPU
		{6F163E37-64EB-45E1-ABEB-1C8AEB6C9335}.Release|Any CPU.Build.0 = Release|Any CPU
		{5ADBC106-2D10-468F-BE12-290EC6A6BB3F}.Debug|Any CPU.ActiveCfg = Debug|Any CPU
		{5ADBC106-2D10-468F-BE12-290EC6A6BB3F}.Debug|Any CPU.Build.0 = Debug|Any CPU
		{5ADBC106-2D10-468F-BE12-290EC6A6BB3F}.Release|Any CPU.ActiveCfg = Release|Any CPU
		{5ADBC106-2D10-468F-BE12-290EC6A6BB3F}.Release|Any CPU.Build.0 = Release|Any CPU
		{08EA9891-E044-41C7-AF71-99D828D66EC4}.Debug|Any CPU.ActiveCfg = Debug|Any CPU
		{08EA9891-E044-41C7-AF71-99D828D66EC4}.Debug|Any CPU.Build.0 = Debug|Any CPU
		{08EA9891-E044-41C7-AF71-99D828D66EC4}.Release|Any CPU.ActiveCfg = Release|Any CPU
		{08EA9891-E044-41C7-AF71-99D828D66EC4}.Release|Any CPU.Build.0 = Release|Any CPU
		{DD801758-323E-415C-AD06-A68E9A2C6D2A}.Debug|Any CPU.ActiveCfg = Debug|Any CPU
		{DD801758-323E-415C-AD06-A68E9A2C6D2A}.Debug|Any CPU.Build.0 = Debug|Any CPU
		{DD801758-323E-415C-AD06-A68E9A2C6D2A}.Release|Any CPU.ActiveCfg = Release|Any CPU
		{DD801758-323E-415C-AD06-A68E9A2C6D2A}.Release|Any CPU.Build.0 = Release|Any CPU
		{19D74A4D-5230-4720-9EAE-CE03ED7FC496}.Debug|Any CPU.ActiveCfg = Debug|Any CPU
		{19D74A4D-5230-4720-9EAE-CE03ED7FC496}.Debug|Any CPU.Build.0 = Debug|Any CPU
		{19D74A4D-5230-4720-9EAE-CE03ED7FC496}.Release|Any CPU.ActiveCfg = Release|Any CPU
		{19D74A4D-5230-4720-9EAE-CE03ED7FC496}.Release|Any CPU.Build.0 = Release|Any CPU
		{79D475D8-7104-40F3-8FFC-B2F2AD89991F}.Debug|Any CPU.ActiveCfg = Debug|Any CPU
		{79D475D8-7104-40F3-8FFC-B2F2AD89991F}.Debug|Any CPU.Build.0 = Debug|Any CPU
		{79D475D8-7104-40F3-8FFC-B2F2AD89991F}.Release|Any CPU.ActiveCfg = Release|Any CPU
		{79D475D8-7104-40F3-8FFC-B2F2AD89991F}.Release|Any CPU.Build.0 = Release|Any CPU
		{C58D75B4-B8C2-496E-9AF9-CB634A52D07D}.Debug|Any CPU.ActiveCfg = Debug|Any CPU
		{C58D75B4-B8C2-496E-9AF9-CB634A52D07D}.Debug|Any CPU.Build.0 = Debug|Any CPU
		{C58D75B4-B8C2-496E-9AF9-CB634A52D07D}.Release|Any CPU.ActiveCfg = Release|Any CPU
		{C58D75B4-B8C2-496E-9AF9-CB634A52D07D}.Release|Any CPU.Build.0 = Release|Any CPU
		{069CDBBC-9FE9-4161-A194-6A39CAEC7A53}.Debug|Any CPU.ActiveCfg = Debug|Any CPU
		{069CDBBC-9FE9-4161-A194-6A39CAEC7A53}.Debug|Any CPU.Build.0 = Debug|Any CPU
		{069CDBBC-9FE9-4161-A194-6A39CAEC7A53}.Release|Any CPU.ActiveCfg = Release|Any CPU
		{069CDBBC-9FE9-4161-A194-6A39CAEC7A53}.Release|Any CPU.Build.0 = Release|Any CPU
		{60C68639-8A62-4DEB-B67D-677D72E63956}.Debug|Any CPU.ActiveCfg = Debug|Any CPU
		{60C68639-8A62-4DEB-B67D-677D72E63956}.Debug|Any CPU.Build.0 = Debug|Any CPU
		{60C68639-8A62-4DEB-B67D-677D72E63956}.Release|Any CPU.ActiveCfg = Release|Any CPU
		{60C68639-8A62-4DEB-B67D-677D72E63956}.Release|Any CPU.Build.0 = Release|Any CPU
		{FBA6FFE1-59A2-467D-8C00-726766C98A5D}.Debug|Any CPU.ActiveCfg = Debug|Any CPU
		{FBA6FFE1-59A2-467D-8C00-726766C98A5D}.Debug|Any CPU.Build.0 = Debug|Any CPU
		{FBA6FFE1-59A2-467D-8C00-726766C98A5D}.Release|Any CPU.ActiveCfg = Release|Any CPU
		{FBA6FFE1-59A2-467D-8C00-726766C98A5D}.Release|Any CPU.Build.0 = Release|Any CPU
		{826A9B85-A51D-44E1-A10C-C15ECE0F3ED1}.Debug|Any CPU.ActiveCfg = Debug|Any CPU
		{826A9B85-A51D-44E1-A10C-C15ECE0F3ED1}.Debug|Any CPU.Build.0 = Debug|Any CPU
		{826A9B85-A51D-44E1-A10C-C15ECE0F3ED1}.Release|Any CPU.ActiveCfg = Release|Any CPU
		{826A9B85-A51D-44E1-A10C-C15ECE0F3ED1}.Release|Any CPU.Build.0 = Release|Any CPU
		{E67AE652-6C78-433B-8E30-3A01E0A51128}.Debug|Any CPU.ActiveCfg = Debug|Any CPU
		{E67AE652-6C78-433B-8E30-3A01E0A51128}.Debug|Any CPU.Build.0 = Debug|Any CPU
		{E67AE652-6C78-433B-8E30-3A01E0A51128}.Release|Any CPU.ActiveCfg = Release|Any CPU
		{E67AE652-6C78-433B-8E30-3A01E0A51128}.Release|Any CPU.Build.0 = Release|Any CPU
		{BF845EF5-EB11-4B83-8205-FADF1723F4FE}.Debug|Any CPU.ActiveCfg = Debug|Any CPU
		{BF845EF5-EB11-4B83-8205-FADF1723F4FE}.Debug|Any CPU.Build.0 = Debug|Any CPU
		{BF845EF5-EB11-4B83-8205-FADF1723F4FE}.Release|Any CPU.ActiveCfg = Release|Any CPU
		{BF845EF5-EB11-4B83-8205-FADF1723F4FE}.Release|Any CPU.Build.0 = Release|Any CPU
		{F0BDA10E-6AAA-4CD7-AF2F-FD5EE2D6AF46}.Debug|Any CPU.ActiveCfg = Debug|Any CPU
		{F0BDA10E-6AAA-4CD7-AF2F-FD5EE2D6AF46}.Debug|Any CPU.Build.0 = Debug|Any CPU
		{F0BDA10E-6AAA-4CD7-AF2F-FD5EE2D6AF46}.Release|Any CPU.ActiveCfg = Release|Any CPU
		{F0BDA10E-6AAA-4CD7-AF2F-FD5EE2D6AF46}.Release|Any CPU.Build.0 = Release|Any CPU
		{DB776628-C2E3-4E67-A5B8-13DA786FD74D}.Debug|Any CPU.ActiveCfg = Debug|Any CPU
		{DB776628-C2E3-4E67-A5B8-13DA786FD74D}.Debug|Any CPU.Build.0 = Debug|Any CPU
		{DB776628-C2E3-4E67-A5B8-13DA786FD74D}.Release|Any CPU.ActiveCfg = Release|Any CPU
		{DB776628-C2E3-4E67-A5B8-13DA786FD74D}.Release|Any CPU.Build.0 = Release|Any CPU
		{E9352713-A0D0-4E41-987C-CE934A705DD1}.Debug|Any CPU.ActiveCfg = Debug|Any CPU
		{E9352713-A0D0-4E41-987C-CE934A705DD1}.Debug|Any CPU.Build.0 = Debug|Any CPU
		{E9352713-A0D0-4E41-987C-CE934A705DD1}.Release|Any CPU.ActiveCfg = Release|Any CPU
		{E9352713-A0D0-4E41-987C-CE934A705DD1}.Release|Any CPU.Build.0 = Release|Any CPU
		{77A279E7-84CF-4F81-8D6F-820CE690A5ED}.Debug|Any CPU.ActiveCfg = Debug|Any CPU
		{77A279E7-84CF-4F81-8D6F-820CE690A5ED}.Debug|Any CPU.Build.0 = Debug|Any CPU
		{77A279E7-84CF-4F81-8D6F-820CE690A5ED}.Release|Any CPU.ActiveCfg = Release|Any CPU
		{77A279E7-84CF-4F81-8D6F-820CE690A5ED}.Release|Any CPU.Build.0 = Release|Any CPU
		{C182778C-9B10-4586-87D1-E85CFE08F00F}.Debug|Any CPU.ActiveCfg = Debug|Any CPU
		{C182778C-9B10-4586-87D1-E85CFE08F00F}.Debug|Any CPU.Build.0 = Debug|Any CPU
		{C182778C-9B10-4586-87D1-E85CFE08F00F}.Release|Any CPU.ActiveCfg = Release|Any CPU
		{C182778C-9B10-4586-87D1-E85CFE08F00F}.Release|Any CPU.Build.0 = Release|Any CPU
		{20ADD86E-A6C5-4CFE-AE63-9F46D19EB22E}.Debug|Any CPU.ActiveCfg = Debug|Any CPU
		{20ADD86E-A6C5-4CFE-AE63-9F46D19EB22E}.Debug|Any CPU.Build.0 = Debug|Any CPU
		{20ADD86E-A6C5-4CFE-AE63-9F46D19EB22E}.Release|Any CPU.ActiveCfg = Release|Any CPU
		{20ADD86E-A6C5-4CFE-AE63-9F46D19EB22E}.Release|Any CPU.Build.0 = Release|Any CPU
		{FA8F2221-E33E-4A57-8879-00899B42329F}.Debug|Any CPU.ActiveCfg = Debug|Any CPU
		{FA8F2221-E33E-4A57-8879-00899B42329F}.Debug|Any CPU.Build.0 = Debug|Any CPU
		{FA8F2221-E33E-4A57-8879-00899B42329F}.Release|Any CPU.ActiveCfg = Release|Any CPU
		{FA8F2221-E33E-4A57-8879-00899B42329F}.Release|Any CPU.Build.0 = Release|Any CPU
		{906E9BA1-A2E4-4CE4-A0B8-2181FAC22085}.Debug|Any CPU.ActiveCfg = Debug|Any CPU
		{906E9BA1-A2E4-4CE4-A0B8-2181FAC22085}.Debug|Any CPU.Build.0 = Debug|Any CPU
		{906E9BA1-A2E4-4CE4-A0B8-2181FAC22085}.Release|Any CPU.ActiveCfg = Release|Any CPU
		{906E9BA1-A2E4-4CE4-A0B8-2181FAC22085}.Release|Any CPU.Build.0 = Release|Any CPU
		{23C156FB-4069-4038-9BB6-FD47EE8516D4}.Debug|Any CPU.ActiveCfg = Debug|Any CPU
		{23C156FB-4069-4038-9BB6-FD47EE8516D4}.Debug|Any CPU.Build.0 = Debug|Any CPU
		{23C156FB-4069-4038-9BB6-FD47EE8516D4}.Release|Any CPU.ActiveCfg = Release|Any CPU
		{23C156FB-4069-4038-9BB6-FD47EE8516D4}.Release|Any CPU.Build.0 = Release|Any CPU
		{92A01E26-1DC2-4DFA-9DA6-C78E1DD676E7}.Debug|Any CPU.ActiveCfg = Debug|Any CPU
		{92A01E26-1DC2-4DFA-9DA6-C78E1DD676E7}.Debug|Any CPU.Build.0 = Debug|Any CPU
		{92A01E26-1DC2-4DFA-9DA6-C78E1DD676E7}.Release|Any CPU.ActiveCfg = Release|Any CPU
		{92A01E26-1DC2-4DFA-9DA6-C78E1DD676E7}.Release|Any CPU.Build.0 = Release|Any CPU
		{FF3B2AB3-0AF2-48FD-A0C0-B4F79F5998C2}.Debug|Any CPU.ActiveCfg = Debug|Any CPU
		{FF3B2AB3-0AF2-48FD-A0C0-B4F79F5998C2}.Debug|Any CPU.Build.0 = Debug|Any CPU
		{FF3B2AB3-0AF2-48FD-A0C0-B4F79F5998C2}.Release|Any CPU.ActiveCfg = Release|Any CPU
		{FF3B2AB3-0AF2-48FD-A0C0-B4F79F5998C2}.Release|Any CPU.Build.0 = Release|Any CPU
		{0466ADE6-DB18-4FF5-A328-0D65F25724EA}.Debug|Any CPU.ActiveCfg = Debug|Any CPU
		{0466ADE6-DB18-4FF5-A328-0D65F25724EA}.Debug|Any CPU.Build.0 = Debug|Any CPU
		{0466ADE6-DB18-4FF5-A328-0D65F25724EA}.Release|Any CPU.ActiveCfg = Release|Any CPU
		{0466ADE6-DB18-4FF5-A328-0D65F25724EA}.Release|Any CPU.Build.0 = Release|Any CPU
		{AA1D4966-F26A-4443-8567-DDAE4E257E78}.Debug|Any CPU.ActiveCfg = Debug|Any CPU
		{AA1D4966-F26A-4443-8567-DDAE4E257E78}.Debug|Any CPU.Build.0 = Debug|Any CPU
		{AA1D4966-F26A-4443-8567-DDAE4E257E78}.Release|Any CPU.ActiveCfg = Release|Any CPU
		{AA1D4966-F26A-4443-8567-DDAE4E257E78}.Release|Any CPU.Build.0 = Release|Any CPU
		{70B0573E-1F28-42C1-9DAB-6FE65B789BB1}.Debug|Any CPU.ActiveCfg = Debug|Any CPU
		{70B0573E-1F28-42C1-9DAB-6FE65B789BB1}.Debug|Any CPU.Build.0 = Debug|Any CPU
		{70B0573E-1F28-42C1-9DAB-6FE65B789BB1}.Release|Any CPU.ActiveCfg = Release|Any CPU
		{70B0573E-1F28-42C1-9DAB-6FE65B789BB1}.Release|Any CPU.Build.0 = Release|Any CPU
		{72E8B1DA-D4B4-44A2-AFB5-288DB12C566E}.Debug|Any CPU.ActiveCfg = Debug|Any CPU
		{72E8B1DA-D4B4-44A2-AFB5-288DB12C566E}.Debug|Any CPU.Build.0 = Debug|Any CPU
		{72E8B1DA-D4B4-44A2-AFB5-288DB12C566E}.Release|Any CPU.ActiveCfg = Release|Any CPU
		{72E8B1DA-D4B4-44A2-AFB5-288DB12C566E}.Release|Any CPU.Build.0 = Release|Any CPU
		{B748A010-61B9-4322-9391-01DB5B53FF83}.Debug|Any CPU.ActiveCfg = Debug|Any CPU
		{B748A010-61B9-4322-9391-01DB5B53FF83}.Debug|Any CPU.Build.0 = Debug|Any CPU
		{B748A010-61B9-4322-9391-01DB5B53FF83}.Release|Any CPU.ActiveCfg = Release|Any CPU
		{B748A010-61B9-4322-9391-01DB5B53FF83}.Release|Any CPU.Build.0 = Release|Any CPU
		{2ACCB972-D23E-42F0-9998-340D9F359FCF}.Debug|Any CPU.ActiveCfg = Debug|Any CPU
		{2ACCB972-D23E-42F0-9998-340D9F359FCF}.Debug|Any CPU.Build.0 = Debug|Any CPU
		{2ACCB972-D23E-42F0-9998-340D9F359FCF}.Release|Any CPU.ActiveCfg = Release|Any CPU
		{2ACCB972-D23E-42F0-9998-340D9F359FCF}.Release|Any CPU.Build.0 = Release|Any CPU
		{C608D463-9136-4927-B162-E85F16B4A47D}.Debug|Any CPU.ActiveCfg = Debug|Any CPU
		{C608D463-9136-4927-B162-E85F16B4A47D}.Debug|Any CPU.Build.0 = Debug|Any CPU
		{C608D463-9136-4927-B162-E85F16B4A47D}.Release|Any CPU.ActiveCfg = Release|Any CPU
		{C608D463-9136-4927-B162-E85F16B4A47D}.Release|Any CPU.Build.0 = Release|Any CPU
		{C8D6E2ED-5527-4C19-B199-7F72F29CF6A9}.Debug|Any CPU.ActiveCfg = Debug|Any CPU
		{C8D6E2ED-5527-4C19-B199-7F72F29CF6A9}.Debug|Any CPU.Build.0 = Debug|Any CPU
		{C8D6E2ED-5527-4C19-B199-7F72F29CF6A9}.Release|Any CPU.ActiveCfg = Release|Any CPU
		{C8D6E2ED-5527-4C19-B199-7F72F29CF6A9}.Release|Any CPU.Build.0 = Release|Any CPU
		{7824C4E3-699F-48F7-AC68-F04839D8BF51}.Debug|Any CPU.ActiveCfg = Debug|Any CPU
		{7824C4E3-699F-48F7-AC68-F04839D8BF51}.Debug|Any CPU.Build.0 = Debug|Any CPU
		{7824C4E3-699F-48F7-AC68-F04839D8BF51}.Release|Any CPU.ActiveCfg = Release|Any CPU
		{7824C4E3-699F-48F7-AC68-F04839D8BF51}.Release|Any CPU.Build.0 = Release|Any CPU
		{05B74B99-A9C9-41A9-A83D-791C90B46C33}.Debug|Any CPU.ActiveCfg = Debug|Any CPU
		{05B74B99-A9C9-41A9-A83D-791C90B46C33}.Debug|Any CPU.Build.0 = Debug|Any CPU
		{05B74B99-A9C9-41A9-A83D-791C90B46C33}.Release|Any CPU.ActiveCfg = Release|Any CPU
		{05B74B99-A9C9-41A9-A83D-791C90B46C33}.Release|Any CPU.Build.0 = Release|Any CPU
		{6DF9E32F-4B7C-478A-8B1D-53BFDCC55D81}.Debug|Any CPU.ActiveCfg = Debug|Any CPU
		{6DF9E32F-4B7C-478A-8B1D-53BFDCC55D81}.Debug|Any CPU.Build.0 = Debug|Any CPU
		{6DF9E32F-4B7C-478A-8B1D-53BFDCC55D81}.Release|Any CPU.ActiveCfg = Release|Any CPU
		{6DF9E32F-4B7C-478A-8B1D-53BFDCC55D81}.Release|Any CPU.Build.0 = Release|Any CPU
		{6D6834E5-7CBB-4111-8A9A-B6C437D1780D}.Debug|Any CPU.ActiveCfg = Debug|Any CPU
		{6D6834E5-7CBB-4111-8A9A-B6C437D1780D}.Debug|Any CPU.Build.0 = Debug|Any CPU
		{6D6834E5-7CBB-4111-8A9A-B6C437D1780D}.Release|Any CPU.ActiveCfg = Release|Any CPU
		{6D6834E5-7CBB-4111-8A9A-B6C437D1780D}.Release|Any CPU.Build.0 = Release|Any CPU
		{03D15BC8-02FA-4D70-93D6-7F2A7E8882E1}.Debug|Any CPU.ActiveCfg = Debug|Any CPU
		{03D15BC8-02FA-4D70-93D6-7F2A7E8882E1}.Debug|Any CPU.Build.0 = Debug|Any CPU
		{03D15BC8-02FA-4D70-93D6-7F2A7E8882E1}.Release|Any CPU.ActiveCfg = Release|Any CPU
		{03D15BC8-02FA-4D70-93D6-7F2A7E8882E1}.Release|Any CPU.Build.0 = Release|Any CPU
		{76C8363A-0665-46DA-A498-3A493EFE9950}.Debug|Any CPU.ActiveCfg = Debug|Any CPU
		{76C8363A-0665-46DA-A498-3A493EFE9950}.Debug|Any CPU.Build.0 = Debug|Any CPU
		{76C8363A-0665-46DA-A498-3A493EFE9950}.Release|Any CPU.ActiveCfg = Release|Any CPU
		{76C8363A-0665-46DA-A498-3A493EFE9950}.Release|Any CPU.Build.0 = Release|Any CPU
		{93790F1A-E140-4EC6-9F3F-E54CCD01C108}.Debug|Any CPU.ActiveCfg = Debug|Any CPU
		{93790F1A-E140-4EC6-9F3F-E54CCD01C108}.Debug|Any CPU.Build.0 = Debug|Any CPU
		{93790F1A-E140-4EC6-9F3F-E54CCD01C108}.Release|Any CPU.ActiveCfg = Release|Any CPU
		{93790F1A-E140-4EC6-9F3F-E54CCD01C108}.Release|Any CPU.Build.0 = Release|Any CPU
	EndGlobalSection
	GlobalSection(SolutionProperties) = preSolution
		HideSolutionNode = FALSE
	EndGlobalSection
	GlobalSection(NestedProjects) = preSolution
		{EDEBA355-2E67-4380-AB8C-7E756FCF6C39} = {EBEBAF2C-6263-4655-A1AC-C2E9552C5EDE}
		{E422FBDC-E728-4741-B688-E87355BB94A6} = {EBEBAF2C-6263-4655-A1AC-C2E9552C5EDE}
		{918A1577-56B8-4706-B809-6BE3EA9F1E19} = {D1B9A284-97E7-400D-B26F-9D2D40015704}
		{0BE31E3F-210B-4495-AD77-40894A79180D} = {D1B9A284-97E7-400D-B26F-9D2D40015704}
		{99F47C19-5299-407A-AAE6-6F299C6EFFB2} = {D1B9A284-97E7-400D-B26F-9D2D40015704}
		{A3C16381-EDD7-4EDA-AF6D-80929EF673A0} = {D1B9A284-97E7-400D-B26F-9D2D40015704}
		{13671275-8BEB-45CD-9F90-D8CA87AAD7BA} = {D1B9A284-97E7-400D-B26F-9D2D40015704}
		{6F163E37-64EB-45E1-ABEB-1C8AEB6C9335} = {D1B9A284-97E7-400D-B26F-9D2D40015704}
		{5ADBC106-2D10-468F-BE12-290EC6A6BB3F} = {D1B9A284-97E7-400D-B26F-9D2D40015704}
		{08EA9891-E044-41C7-AF71-99D828D66EC4} = {D1B9A284-97E7-400D-B26F-9D2D40015704}
		{DD801758-323E-415C-AD06-A68E9A2C6D2A} = {D1B9A284-97E7-400D-B26F-9D2D40015704}
		{19D74A4D-5230-4720-9EAE-CE03ED7FC496} = {D1B9A284-97E7-400D-B26F-9D2D40015704}
		{79D475D8-7104-40F3-8FFC-B2F2AD89991F} = {D1B9A284-97E7-400D-B26F-9D2D40015704}
		{C58D75B4-B8C2-496E-9AF9-CB634A52D07D} = {83493BAE-81A2-4557-9B11-D35345671031}
		{069CDBBC-9FE9-4161-A194-6A39CAEC7A53} = {83493BAE-81A2-4557-9B11-D35345671031}
		{60C68639-8A62-4DEB-B67D-677D72E63956} = {83493BAE-81A2-4557-9B11-D35345671031}
		{FBA6FFE1-59A2-467D-8C00-726766C98A5D} = {AEF746F3-C777-4428-8B3A-65951CF24FE3}
		{826A9B85-A51D-44E1-A10C-C15ECE0F3ED1} = {F175FB60-5196-4DD8-8853-46BE55732DCD}
		{E67AE652-6C78-433B-8E30-3A01E0A51128} = {F175FB60-5196-4DD8-8853-46BE55732DCD}
		{BF845EF5-EB11-4B83-8205-FADF1723F4FE} = {F175FB60-5196-4DD8-8853-46BE55732DCD}
		{F0BDA10E-6AAA-4CD7-AF2F-FD5EE2D6AF46} = {F175FB60-5196-4DD8-8853-46BE55732DCD}
		{DB776628-C2E3-4E67-A5B8-13DA786FD74D} = {FACE18DE-B047-4190-930C-2F69937C132A}
		{E9352713-A0D0-4E41-987C-CE934A705DD1} = {FACE18DE-B047-4190-930C-2F69937C132A}
		{77A279E7-84CF-4F81-8D6F-820CE690A5ED} = {FACE18DE-B047-4190-930C-2F69937C132A}
		{C182778C-9B10-4586-87D1-E85CFE08F00F} = {97DCC181-C0CE-4162-9CEC-AB8EF75C0465}
		{20ADD86E-A6C5-4CFE-AE63-9F46D19EB22E} = {97DCC181-C0CE-4162-9CEC-AB8EF75C0465}
		{FA8F2221-E33E-4A57-8879-00899B42329F} = {97DCC181-C0CE-4162-9CEC-AB8EF75C0465}
		{906E9BA1-A2E4-4CE4-A0B8-2181FAC22085} = {97DCC181-C0CE-4162-9CEC-AB8EF75C0465}
		{23C156FB-4069-4038-9BB6-FD47EE8516D4} = {97DCC181-C0CE-4162-9CEC-AB8EF75C0465}
		{92A01E26-1DC2-4DFA-9DA6-C78E1DD676E7} = {97DCC181-C0CE-4162-9CEC-AB8EF75C0465}
		{FF3B2AB3-0AF2-48FD-A0C0-B4F79F5998C2} = {97DCC181-C0CE-4162-9CEC-AB8EF75C0465}
		{0466ADE6-DB18-4FF5-A328-0D65F25724EA} = {444F4291-56E9-4ACC-9267-6B0AAE919E2F}
		{AA1D4966-F26A-4443-8567-DDAE4E257E78} = {444F4291-56E9-4ACC-9267-6B0AAE919E2F}
		{70B0573E-1F28-42C1-9DAB-6FE65B789BB1} = {444F4291-56E9-4ACC-9267-6B0AAE919E2F}
		{72E8B1DA-D4B4-44A2-AFB5-288DB12C566E} = {444F4291-56E9-4ACC-9267-6B0AAE919E2F}
		{B748A010-61B9-4322-9391-01DB5B53FF83} = {444F4291-56E9-4ACC-9267-6B0AAE919E2F}
		{2ACCB972-D23E-42F0-9998-340D9F359FCF} = {444F4291-56E9-4ACC-9267-6B0AAE919E2F}
		{C608D463-9136-4927-B162-E85F16B4A47D} = {444F4291-56E9-4ACC-9267-6B0AAE919E2F}
		{C8D6E2ED-5527-4C19-B199-7F72F29CF6A9} = {FB8EB9CD-D658-408D-8731-7510146531F1}
		{7824C4E3-699F-48F7-AC68-F04839D8BF51} = {FB8EB9CD-D658-408D-8731-7510146531F1}
		{05B74B99-A9C9-41A9-A83D-791C90B46C33} = {D5FF9A99-560E-4C6A-A8A1-7B563FC95793}
		{6D6834E5-7CBB-4111-8A9A-B6C437D1780D} = {96F36404-9A60-42AE-BFB5-5D3E9C923487}
		{96F36404-9A60-42AE-BFB5-5D3E9C923487} = {E856FE62-BE0D-4901-8556-6185E4622C13}
		{D5FF9A99-560E-4C6A-A8A1-7B563FC95793} = {E856FE62-BE0D-4901-8556-6185E4622C13}
		{05BC79EB-3742-4528-97B5-0C437993C1C5} = {E856FE62-BE0D-4901-8556-6185E4622C13}
		{03D15BC8-02FA-4D70-93D6-7F2A7E8882E1} = {05BC79EB-3742-4528-97B5-0C437993C1C5}
	EndGlobalSection
	GlobalSection(ExtensibilityGlobals) = postSolution
		SolutionGuid = {23F68658-4F35-4CC8-A227-078A6C410BAD}
	EndGlobalSection
EndGlobal
