
Microsoft Visual Studio Solution File, Format Version 12.00
# Visual Studio 15
VisualStudioVersion = 15.0.28307.271
MinimumVisualStudioVersion = 10.0.40219.1
Project("{2150E333-8FDC-42A3-9474-1A3956D46DE8}") = "03.Defining Classes - Lab", "03.Defining Classes - Lab", "{EBEBAF2C-6263-4655-A1AC-C2E9552C5EDE}"
EndProject
Project("{9A19103F-16F7-4668-BE54-9A1E7A4F7556}") = "01.BankAccount", "01.BankAccount\01.BankAccount.csproj", "{EDEBA355-2E67-4380-AB8C-7E756FCF6C39}"
EndProject
Project("{9A19103F-16F7-4668-BE54-9A1E7A4F7556}") = "04.PersonClass", "04.PersonClass\04.PersonClass.csproj", "{E422FBDC-E728-4741-B688-E87355BB94A6}"
EndProject
Project("{2150E333-8FDC-42A3-9474-1A3956D46DE8}") = "04.Defining Classes - Exercise", "04.Defining Classes - Exercise", "{D1B9A284-97E7-400D-B26F-9D2D40015704}"
EndProject
Project("{9A19103F-16F7-4668-BE54-9A1E7A4F7556}") = "01.DefineClassPerson", "01.DefineClassPerson\01.DefineClassPerson.csproj", "{918A1577-56B8-4706-B809-6BE3EA9F1E19}"
EndProject
Project("{9A19103F-16F7-4668-BE54-9A1E7A4F7556}") = "04.OpinionPoll", "04.OpinionPoll\04.OpinionPoll.csproj", "{0BE31E3F-210B-4495-AD77-40894A79180D}"
EndProject
Project("{9A19103F-16F7-4668-BE54-9A1E7A4F7556}") = "05.DateModifier", "05.DateModifier\05.DateModifier.csproj", "{99F47C19-5299-407A-AAE6-6F299C6EFFB2}"
EndProject
Project("{9A19103F-16F7-4668-BE54-9A1E7A4F7556}") = "06.CompanyRoster", "06.CompanyRoster\06.CompanyRoster.csproj", "{A3C16381-EDD7-4EDA-AF6D-80929EF673A0}"
EndProject
Project("{9A19103F-16F7-4668-BE54-9A1E7A4F7556}") = "07.SpeedRacing", "07.SpeedRacing\07.SpeedRacing.csproj", "{13671275-8BEB-45CD-9F90-D8CA87AAD7BA}"
EndProject
Project("{9A19103F-16F7-4668-BE54-9A1E7A4F7556}") = "08.RawData", "08.RawData\08.RawData.csproj", "{6F163E37-64EB-45E1-ABEB-1C8AEB6C9335}"
EndProject
Project("{9A19103F-16F7-4668-BE54-9A1E7A4F7556}") = "09.RectangleIntersection", "09.RectangleIntersection\09.RectangleIntersection.csproj", "{5ADBC106-2D10-468F-BE12-290EC6A6BB3F}"
EndProject
Project("{9A19103F-16F7-4668-BE54-9A1E7A4F7556}") = "10.CarSalesman", "10. CarSalesman\10.CarSalesman.csproj", "{08EA9891-E044-41C7-AF71-99D828D66EC4}"
EndProject
Project("{9A19103F-16F7-4668-BE54-9A1E7A4F7556}") = "11.PokemonTrainer", "11.PokemonTrainer\11.PokemonTrainer.csproj", "{DD801758-323E-415C-AD06-A68E9A2C6D2A}"
EndProject
Project("{9A19103F-16F7-4668-BE54-9A1E7A4F7556}") = "12.Google", "12.Google\12.Google.csproj", "{19D74A4D-5230-4720-9EAE-CE03ED7FC496}"
EndProject
Project("{9A19103F-16F7-4668-BE54-9A1E7A4F7556}") = "13.FamilyTree", "13.FamilyTree\13.FamilyTree.csproj", "{79D475D8-7104-40F3-8FFC-B2F2AD89991F}"
EndProject
Project("{2150E333-8FDC-42A3-9474-1A3956D46DE8}") = "05.Working with Abstraction - Lab", "05.Working with Abstraction - Lab", "{83493BAE-81A2-4557-9B11-D35345671031}"
EndProject
Project("{FAE04EC0-301F-11D3-BF4B-00C04F79EFBC}") = "01.RhombusOfStars", "01.RhombusOfStars\01.RhombusOfStars.csproj", "{C58D75B4-B8C2-496E-9AF9-CB634A52D07D}"
EndProject
Project("{FAE04EC0-301F-11D3-BF4B-00C04F79EFBC}") = "02.PointInRectangle", "02.PointInRectangle\02.PointInRectangle.csproj", "{069CDBBC-9FE9-4161-A194-6A39CAEC7A53}"
EndProject
Project("{FAE04EC0-301F-11D3-BF4B-00C04F79EFBC}") = "04.HotelReservation", "04.HotelReservation\04.HotelReservation.csproj", "{60C68639-8A62-4DEB-B67D-677D72E63956}"
EndProject
Project("{2150E333-8FDC-42A3-9474-1A3956D46DE8}") = "06.Working with Abstraction - Exercise", "06.Working with Abstraction - Exercise", "{AEF746F3-C777-4428-8B3A-65951CF24FE3}"
EndProject
Project("{FAE04EC0-301F-11D3-BF4B-00C04F79EFBC}") = "01.RawData", "01.RawData\01.RawData.csproj", "{42F87139-EEE5-47D9-A3FB-08DC30727E53}"
EndProject
Global
	GlobalSection(SolutionConfigurationPlatforms) = preSolution
		Debug|Any CPU = Debug|Any CPU
		Release|Any CPU = Release|Any CPU
	EndGlobalSection
	GlobalSection(ProjectConfigurationPlatforms) = postSolution
		{EDEBA355-2E67-4380-AB8C-7E756FCF6C39}.Debug|Any CPU.ActiveCfg = Debug|Any CPU
		{EDEBA355-2E67-4380-AB8C-7E756FCF6C39}.Debug|Any CPU.Build.0 = Debug|Any CPU
		{EDEBA355-2E67-4380-AB8C-7E756FCF6C39}.Release|Any CPU.ActiveCfg = Release|Any CPU
		{EDEBA355-2E67-4380-AB8C-7E756FCF6C39}.Release|Any CPU.Build.0 = Release|Any CPU
		{E422FBDC-E728-4741-B688-E87355BB94A6}.Debug|Any CPU.ActiveCfg = Debug|Any CPU
		{E422FBDC-E728-4741-B688-E87355BB94A6}.Debug|Any CPU.Build.0 = Debug|Any CPU
		{E422FBDC-E728-4741-B688-E87355BB94A6}.Release|Any CPU.ActiveCfg = Release|Any CPU
		{E422FBDC-E728-4741-B688-E87355BB94A6}.Release|Any CPU.Build.0 = Release|Any CPU
		{918A1577-56B8-4706-B809-6BE3EA9F1E19}.Debug|Any CPU.ActiveCfg = Debug|Any CPU
		{918A1577-56B8-4706-B809-6BE3EA9F1E19}.Debug|Any CPU.Build.0 = Debug|Any CPU
		{918A1577-56B8-4706-B809-6BE3EA9F1E19}.Release|Any CPU.ActiveCfg = Release|Any CPU
		{918A1577-56B8-4706-B809-6BE3EA9F1E19}.Release|Any CPU.Build.0 = Release|Any CPU
		{0BE31E3F-210B-4495-AD77-40894A79180D}.Debug|Any CPU.ActiveCfg = Debug|Any CPU
		{0BE31E3F-210B-4495-AD77-40894A79180D}.Debug|Any CPU.Build.0 = Debug|Any CPU
		{0BE31E3F-210B-4495-AD77-40894A79180D}.Release|Any CPU.ActiveCfg = Release|Any CPU
		{0BE31E3F-210B-4495-AD77-40894A79180D}.Release|Any CPU.Build.0 = Release|Any CPU
		{99F47C19-5299-407A-AAE6-6F299C6EFFB2}.Debug|Any CPU.ActiveCfg = Debug|Any CPU
		{99F47C19-5299-407A-AAE6-6F299C6EFFB2}.Debug|Any CPU.Build.0 = Debug|Any CPU
		{99F47C19-5299-407A-AAE6-6F299C6EFFB2}.Release|Any CPU.ActiveCfg = Release|Any CPU
		{99F47C19-5299-407A-AAE6-6F299C6EFFB2}.Release|Any CPU.Build.0 = Release|Any CPU
		{A3C16381-EDD7-4EDA-AF6D-80929EF673A0}.Debug|Any CPU.ActiveCfg = Debug|Any CPU
		{A3C16381-EDD7-4EDA-AF6D-80929EF673A0}.Debug|Any CPU.Build.0 = Debug|Any CPU
		{A3C16381-EDD7-4EDA-AF6D-80929EF673A0}.Release|Any CPU.ActiveCfg = Release|Any CPU
		{A3C16381-EDD7-4EDA-AF6D-80929EF673A0}.Release|Any CPU.Build.0 = Release|Any CPU
		{13671275-8BEB-45CD-9F90-D8CA87AAD7BA}.Debug|Any CPU.ActiveCfg = Debug|Any CPU
		{13671275-8BEB-45CD-9F90-D8CA87AAD7BA}.Debug|Any CPU.Build.0 = Debug|Any CPU
		{13671275-8BEB-45CD-9F90-D8CA87AAD7BA}.Release|Any CPU.ActiveCfg = Release|Any CPU
		{13671275-8BEB-45CD-9F90-D8CA87AAD7BA}.Release|Any CPU.Build.0 = Release|Any CPU
		{6F163E37-64EB-45E1-ABEB-1C8AEB6C9335}.Debug|Any CPU.ActiveCfg = Debug|Any CPU
		{6F163E37-64EB-45E1-ABEB-1C8AEB6C9335}.Debug|Any CPU.Build.0 = Debug|Any CPU
		{6F163E37-64EB-45E1-ABEB-1C8AEB6C9335}.Release|Any CPU.ActiveCfg = Release|Any CPU
		{6F163E37-64EB-45E1-ABEB-1C8AEB6C9335}.Release|Any CPU.Build.0 = Release|Any CPU
		{5ADBC106-2D10-468F-BE12-290EC6A6BB3F}.Debug|Any CPU.ActiveCfg = Debug|Any CPU
		{5ADBC106-2D10-468F-BE12-290EC6A6BB3F}.Debug|Any CPU.Build.0 = Debug|Any CPU
		{5ADBC106-2D10-468F-BE12-290EC6A6BB3F}.Release|Any CPU.ActiveCfg = Release|Any CPU
		{5ADBC106-2D10-468F-BE12-290EC6A6BB3F}.Release|Any CPU.Build.0 = Release|Any CPU
		{08EA9891-E044-41C7-AF71-99D828D66EC4}.Debug|Any CPU.ActiveCfg = Debug|Any CPU
		{08EA9891-E044-41C7-AF71-99D828D66EC4}.Debug|Any CPU.Build.0 = Debug|Any CPU
		{08EA9891-E044-41C7-AF71-99D828D66EC4}.Release|Any CPU.ActiveCfg = Release|Any CPU
		{08EA9891-E044-41C7-AF71-99D828D66EC4}.Release|Any CPU.Build.0 = Release|Any CPU
		{DD801758-323E-415C-AD06-A68E9A2C6D2A}.Debug|Any CPU.ActiveCfg = Debug|Any CPU
		{DD801758-323E-415C-AD06-A68E9A2C6D2A}.Debug|Any CPU.Build.0 = Debug|Any CPU
		{DD801758-323E-415C-AD06-A68E9A2C6D2A}.Release|Any CPU.ActiveCfg = Release|Any CPU
		{DD801758-323E-415C-AD06-A68E9A2C6D2A}.Release|Any CPU.Build.0 = Release|Any CPU
		{19D74A4D-5230-4720-9EAE-CE03ED7FC496}.Debug|Any CPU.ActiveCfg = Debug|Any CPU
		{19D74A4D-5230-4720-9EAE-CE03ED7FC496}.Debug|Any CPU.Build.0 = Debug|Any CPU
		{19D74A4D-5230-4720-9EAE-CE03ED7FC496}.Release|Any CPU.ActiveCfg = Release|Any CPU
		{19D74A4D-5230-4720-9EAE-CE03ED7FC496}.Release|Any CPU.Build.0 = Release|Any CPU
		{79D475D8-7104-40F3-8FFC-B2F2AD89991F}.Debug|Any CPU.ActiveCfg = Debug|Any CPU
		{79D475D8-7104-40F3-8FFC-B2F2AD89991F}.Debug|Any CPU.Build.0 = Debug|Any CPU
		{79D475D8-7104-40F3-8FFC-B2F2AD89991F}.Release|Any CPU.ActiveCfg = Release|Any CPU
		{79D475D8-7104-40F3-8FFC-B2F2AD89991F}.Release|Any CPU.Build.0 = Release|Any CPU
		{C58D75B4-B8C2-496E-9AF9-CB634A52D07D}.Debug|Any CPU.ActiveCfg = Debug|Any CPU
		{C58D75B4-B8C2-496E-9AF9-CB634A52D07D}.Debug|Any CPU.Build.0 = Debug|Any CPU
		{C58D75B4-B8C2-496E-9AF9-CB634A52D07D}.Release|Any CPU.ActiveCfg = Release|Any CPU
		{C58D75B4-B8C2-496E-9AF9-CB634A52D07D}.Release|Any CPU.Build.0 = Release|Any CPU
		{069CDBBC-9FE9-4161-A194-6A39CAEC7A53}.Debug|Any CPU.ActiveCfg = Debug|Any CPU
		{069CDBBC-9FE9-4161-A194-6A39CAEC7A53}.Debug|Any CPU.Build.0 = Debug|Any CPU
		{069CDBBC-9FE9-4161-A194-6A39CAEC7A53}.Release|Any CPU.ActiveCfg = Release|Any CPU
		{069CDBBC-9FE9-4161-A194-6A39CAEC7A53}.Release|Any CPU.Build.0 = Release|Any CPU
		{60C68639-8A62-4DEB-B67D-677D72E63956}.Debug|Any CPU.ActiveCfg = Debug|Any CPU
		{60C68639-8A62-4DEB-B67D-677D72E63956}.Debug|Any CPU.Build.0 = Debug|Any CPU
		{60C68639-8A62-4DEB-B67D-677D72E63956}.Release|Any CPU.ActiveCfg = Release|Any CPU
		{60C68639-8A62-4DEB-B67D-677D72E63956}.Release|Any CPU.Build.0 = Release|Any CPU
		{42F87139-EEE5-47D9-A3FB-08DC30727E53}.Debug|Any CPU.ActiveCfg = Debug|Any CPU
		{42F87139-EEE5-47D9-A3FB-08DC30727E53}.Debug|Any CPU.Build.0 = Debug|Any CPU
		{42F87139-EEE5-47D9-A3FB-08DC30727E53}.Release|Any CPU.ActiveCfg = Release|Any CPU
		{42F87139-EEE5-47D9-A3FB-08DC30727E53}.Release|Any CPU.Build.0 = Release|Any CPU
	EndGlobalSection
	GlobalSection(SolutionProperties) = preSolution
		HideSolutionNode = FALSE
	EndGlobalSection
	GlobalSection(NestedProjects) = preSolution
		{EDEBA355-2E67-4380-AB8C-7E756FCF6C39} = {EBEBAF2C-6263-4655-A1AC-C2E9552C5EDE}
		{E422FBDC-E728-4741-B688-E87355BB94A6} = {EBEBAF2C-6263-4655-A1AC-C2E9552C5EDE}
		{918A1577-56B8-4706-B809-6BE3EA9F1E19} = {D1B9A284-97E7-400D-B26F-9D2D40015704}
		{0BE31E3F-210B-4495-AD77-40894A79180D} = {D1B9A284-97E7-400D-B26F-9D2D40015704}
		{99F47C19-5299-407A-AAE6-6F299C6EFFB2} = {D1B9A284-97E7-400D-B26F-9D2D40015704}
		{A3C16381-EDD7-4EDA-AF6D-80929EF673A0} = {D1B9A284-97E7-400D-B26F-9D2D40015704}
		{13671275-8BEB-45CD-9F90-D8CA87AAD7BA} = {D1B9A284-97E7-400D-B26F-9D2D40015704}
		{6F163E37-64EB-45E1-ABEB-1C8AEB6C9335} = {D1B9A284-97E7-400D-B26F-9D2D40015704}
		{5ADBC106-2D10-468F-BE12-290EC6A6BB3F} = {D1B9A284-97E7-400D-B26F-9D2D40015704}
		{08EA9891-E044-41C7-AF71-99D828D66EC4} = {D1B9A284-97E7-400D-B26F-9D2D40015704}
		{DD801758-323E-415C-AD06-A68E9A2C6D2A} = {D1B9A284-97E7-400D-B26F-9D2D40015704}
		{19D74A4D-5230-4720-9EAE-CE03ED7FC496} = {D1B9A284-97E7-400D-B26F-9D2D40015704}
		{79D475D8-7104-40F3-8FFC-B2F2AD89991F} = {D1B9A284-97E7-400D-B26F-9D2D40015704}
		{C58D75B4-B8C2-496E-9AF9-CB634A52D07D} = {83493BAE-81A2-4557-9B11-D35345671031}
		{069CDBBC-9FE9-4161-A194-6A39CAEC7A53} = {83493BAE-81A2-4557-9B11-D35345671031}
		{60C68639-8A62-4DEB-B67D-677D72E63956} = {83493BAE-81A2-4557-9B11-D35345671031}
		{42F87139-EEE5-47D9-A3FB-08DC30727E53} = {AEF746F3-C777-4428-8B3A-65951CF24FE3}
	EndGlobalSection
	GlobalSection(ExtensibilityGlobals) = postSolution
		SolutionGuid = {23F68658-4F35-4CC8-A227-078A6C410BAD}
	EndGlobalSection
EndGlobal
