
Microsoft Visual Studio Solution File, Format Version 12.00
# Visual Studio 14
VisualStudioVersion = 14.0.25420.1
MinimumVisualStudioVersion = 10.0.40219.1
Project("{2150E333-8FDC-42A3-9474-1A3956D46DE8}") = "05. Data Types and Variables  Lab", "05. Data Types and Variables  Lab", "{CEB87C5E-60BE-4098-8759-BF3DAC434C69}"
EndProject
Project("{FAE04EC0-301F-11D3-BF4B-00C04F79EFBC}") = "01. Centuries to Minutes", "01. Centuries to Minutes\01. Centuries to Minutes.csproj", "{1A396076-1A0A-4F75-8C21-1E75DA254DE6}"
EndProject
Project("{FAE04EC0-301F-11D3-BF4B-00C04F79EFBC}") = "02. Circle Perimeter (12 Digits Precision)", "02. Circle Perimeter (12 Digits Precision)\02. Circle Perimeter (12 Digits Precision).csproj", "{008E2703-3658-4196-AD0D-69924F981ADD}"
EndProject
Project("{FAE04EC0-301F-11D3-BF4B-00C04F79EFBC}") = "03. Exact Product of Real Numbers", "03. Exact Product of Real Numbers\03. Exact Product of Real Numbers.csproj", "{9D344A69-FB60-4DCE-93F9-E1D84BB0BAB9}"
EndProject
Project("{FAE04EC0-301F-11D3-BF4B-00C04F79EFBC}") = "04. Transport", "04. Transport\04. Transport.csproj", "{344B90C8-6E35-452B-94F5-7B1153A687EE}"
EndProject
Project("{FAE04EC0-301F-11D3-BF4B-00C04F79EFBC}") = "05. Special Numbers", "05. Special Numbers\05. Special Numbers.csproj", "{D1829633-6162-4FA1-A75C-F0BDEEFA7275}"
EndProject
Project("{FAE04EC0-301F-11D3-BF4B-00C04F79EFBC}") = "06. Triples of Latin Letters", "06. Triples of Latin Letters\06. Triples of Latin Letters.csproj", "{83ADE938-F9F1-4ED7-B90D-249EDDCB32DE}"
EndProject
Project("{FAE04EC0-301F-11D3-BF4B-00C04F79EFBC}") = "07. Greeting", "07. Greeting\07. Greeting.csproj", "{9F0BF355-2B9A-476A-8E75-FBB87496A426}"
EndProject
Project("{2150E333-8FDC-42A3-9474-1A3956D46DE8}") = "06.Data Types - Exercises", "06.Data Types - Exercises", "{F2B2C3AE-A3BF-49A0-87D5-07263A65E422}"
EndProject
Project("{FAE04EC0-301F-11D3-BF4B-00C04F79EFBC}") = "01. Practice Integer Numbers", "01. Practice Integer Numbers\01. Practice Integer Numbers.csproj", "{A318EC16-2F7D-40BA-8355-20E15CB6BFFD}"
EndProject
Project("{FAE04EC0-301F-11D3-BF4B-00C04F79EFBC}") = "02. Practice Floating Point Numbers", "02. Practice Floating Point Numbers\02. Practice Floating Point Numbers.csproj", "{1717F8B4-DEE8-43FE-AE75-2669FEAEA43A}"
EndProject
Project("{FAE04EC0-301F-11D3-BF4B-00C04F79EFBC}") = "03. Exchange Variable Values", "03. Exchange Variable Values\03. Exchange Variable Values.csproj", "{3FDC29B1-F28D-4E41-B8EB-D4B4567F87EF}"
EndProject
Project("{FAE04EC0-301F-11D3-BF4B-00C04F79EFBC}") = "04. Float or Integer", "04. Float or Integer\04. Float or Integer.csproj", "{AF3A2B8D-B42B-4103-A4AD-3C87E4508B87}"
EndProject
Project("{FAE04EC0-301F-11D3-BF4B-00C04F79EFBC}") = "05. Distance of the Stars", "05. Distance of the Stars\05. Distance of the Stars.csproj", "{E4EE8F30-597E-42FC-816B-15CF5C2F303A}"
EndProject
Project("{FAE04EC0-301F-11D3-BF4B-00C04F79EFBC}") = "06. Increment Variable", "06. Increment Variable\06. Increment Variable.csproj", "{88833863-65C9-48B5-8AFC-786A6644F774}"
EndProject
Project("{FAE04EC0-301F-11D3-BF4B-00C04F79EFBC}") = "07. From Terabytes to Bits", "07. From Terabytes to Bits\07. From Terabytes to Bits.csproj", "{94CB4FCA-DAEF-4148-9757-9DEE96C86EE6}"
EndProject
Project("{FAE04EC0-301F-11D3-BF4B-00C04F79EFBC}") = "08. Traveling At Light Speed", "08. Traveling At Light Speed\08. Traveling At Light Speed.csproj", "{19481DBC-BC5B-46A9-A333-3C932BCFB81C}"
EndProject
Project("{FAE04EC0-301F-11D3-BF4B-00C04F79EFBC}") = "09.  Triangle Formations", "09.  Triangle Formations\09.  Triangle Formations.csproj", "{70E9D4A7-3BB2-4E78-BAF9-5F96E83F80F5}"
EndProject
Project("{FAE04EC0-301F-11D3-BF4B-00C04F79EFBC}") = "10. Data Overflow", "10. Data Overflow\10. Data Overflow.csproj", "{8E399E34-07E8-4A81-8B8A-49544CC7D175}"
EndProject
Project("{FAE04EC0-301F-11D3-BF4B-00C04F79EFBC}") = "11. Practice Characters and Strings", "11. Practice Characters and Strings\11. Practice Characters and Strings.csproj", "{160E179F-C5EF-44AE-A489-B4054B25D124}"
EndProject
Project("{FAE04EC0-301F-11D3-BF4B-00C04F79EFBC}") = "12. Variable in Hexadecimal Format", "12. Variable in Hexadecimal Format\12. Variable in Hexadecimal Format.csproj", "{54CE1908-1F94-497C-BB61-14D8663D8667}"
EndProject
Project("{FAE04EC0-301F-11D3-BF4B-00C04F79EFBC}") = "13. Digits with Words", "13. Digits with Words\13. Digits with Words.csproj", "{055869A0-5A83-4DC7-AED0-B35DC0CC1CB3}"
EndProject
Project("{FAE04EC0-301F-11D3-BF4B-00C04F79EFBC}") = "14. ASCII String", "14. ASCII String\14. ASCII String.csproj", "{C8478484-7B64-4A52-9C05-A1BC2B382B98}"
EndProject
Project("{FAE04EC0-301F-11D3-BF4B-00C04F79EFBC}") = "15. Calculator", "15. Calculator\15. Calculator.csproj", "{81743F37-A4A0-403E-8FB3-0A6AEA12C713}"
EndProject
Project("{FAE04EC0-301F-11D3-BF4B-00C04F79EFBC}") = "16. Tricky Strings", "16. Tricky Strings\16. Tricky Strings.csproj", "{556992F1-70A4-4C4A-A424-7204CFD02397}"
EndProject
Project("{2150E333-8FDC-42A3-9474-1A3956D46DE8}") = "04.C Intro and Basic Syntax - Exercises", "04.C Intro and Basic Syntax - Exercises", "{C34D3143-7C60-468B-89B5-CF9DB59A6C2E}"
EndProject
Project("{FAE04EC0-301F-11D3-BF4B-00C04F79EFBC}") = "01. Debit Card Number", "01. Debit Card Number\01. Debit Card Number.csproj", "{91746F6A-B02B-4650-AD96-042F5B833DE4}"
EndProject
Project("{FAE04EC0-301F-11D3-BF4B-00C04F79EFBC}") = "02. Rectangle Area", "02. Rectangle Area\02. Rectangle Area.csproj", "{A3F836EE-905A-42A8-9016-A88A714C2864}"
EndProject
Project("{FAE04EC0-301F-11D3-BF4B-00C04F79EFBC}") = "03. Miles to Kilometers", "03. Miles to Kilometers\03. Miles to Kilometers.csproj", "{789984BA-47EE-46CA-9F07-8914222A6EA9}"
EndProject
Project("{FAE04EC0-301F-11D3-BF4B-00C04F79EFBC}") = "04. Beverage Labels", "04. Beverage Labels\04. Beverage Labels.csproj", "{C2EE86D8-6E88-4F0F-B6EB-9795432BA8C2}"
EndProject
Project("{FAE04EC0-301F-11D3-BF4B-00C04F79EFBC}") = "05. Character Stats", "05. Character Stats\05. Character Stats.csproj", "{7FF8C4AB-5CC3-496D-A0BC-C2BD1E04120B}"
EndProject
Project("{2150E333-8FDC-42A3-9474-1A3956D46DE8}") = "Programming Fundamentals - Extended - May 2017", "Programming Fundamentals - Extended - May 2017", "{44AAAADC-B651-4B17-8DBE-6B25CE4F6C1B}"
EndProject
Project("{2150E333-8FDC-42A3-9474-1A3956D46DE8}") = "05.Conditional Statements and Loops - Lab", "05.Conditional Statements and Loops - Lab", "{EAF05BB3-D725-4DDA-B2DB-495342B3C21B}"
EndProject
Project("{FAE04EC0-301F-11D3-BF4B-00C04F79EFBC}") = "01. Passed", "01. Passed\01. Passed.csproj", "{49D8D4A6-24FB-41C1-8C23-3B75CB8DC0B8}"
EndProject
Project("{FAE04EC0-301F-11D3-BF4B-00C04F79EFBC}") = "02. Passed or Failed", "02. Passed or Failed\02. Passed or Failed.csproj", "{6F393CC7-4D2B-41FE-9B54-11F8C741FEC6}"
EndProject
Project("{FAE04EC0-301F-11D3-BF4B-00C04F79EFBC}") = "03. Back in 30 Minutes", "03. Back in 30 Minutes\03. Back in 30 Minutes.csproj", "{AC7008AB-A50E-4343-950F-C3C3810F0287}"
EndProject
Project("{FAE04EC0-301F-11D3-BF4B-00C04F79EFBC}") = "04. Month Printer", "04. Month Printer\04. Month Printer.csproj", "{06A9A688-778D-4FFC-A390-BBDEC7AAE8B0}"
EndProject
Project("{FAE04EC0-301F-11D3-BF4B-00C04F79EFBC}") = "05. Foreign Languages", "05. Foreign Languages\05. Foreign Languages.csproj", "{7E925606-A8B9-44B8-8B5B-3C7EE5AB5324}"
EndProject
Project("{FAE04EC0-301F-11D3-BF4B-00C04F79EFBC}") = "06. Theatre Promotion", "06. Theatre Promotion\06. Theatre Promotion.csproj", "{4B33438D-C650-4627-B5F9-F20A5ECFDBEB}"
EndProject
Project("{FAE04EC0-301F-11D3-BF4B-00C04F79EFBC}") = "07. Divisible by 3", "07. Divisible by 3\07. Divisible by 3.csproj", "{81BFB2E4-B4AB-4E39-BD8F-1B444AC6369A}"
EndProject
Project("{FAE04EC0-301F-11D3-BF4B-00C04F79EFBC}") = "08. Sum of Odd Numbers", "08. Sum of Odd Numbers\08. Sum of Odd Numbers.csproj", "{FBD7152E-C0B6-4E70-87D4-0D40B72C0BD3}"
EndProject
Project("{FAE04EC0-301F-11D3-BF4B-00C04F79EFBC}") = "09. Multiplication Table", "09. Multiplication Table\09. Multiplication Table.csproj", "{AAFEFEED-6655-4742-BC3E-131EBC668E77}"
EndProject
Project("{FAE04EC0-301F-11D3-BF4B-00C04F79EFBC}") = "10. Multiplication Table 2.0", "10. Multiplication Table 2.0\10. Multiplication Table 2.0.csproj", "{A1E66E08-AEC2-4C4A-92D9-F4B821022C0A}"
EndProject
Project("{FAE04EC0-301F-11D3-BF4B-00C04F79EFBC}") = "11. Odd Number", "11. Odd Number\11. Odd Number.csproj", "{A16C25A9-4315-44A0-AC6E-1F4F64ED3600}"
EndProject
Project("{FAE04EC0-301F-11D3-BF4B-00C04F79EFBC}") = "12. Number Checker", "12. Number Checker\12. Number Checker.csproj", "{34DB5B37-0631-4A18-93D9-2CA84A0CF067}"
EndProject
Project("{2150E333-8FDC-42A3-9474-1A3956D46DE8}") = "06.Conditional Statements and Loops - Exercises", "06.Conditional Statements and Loops - Exercises", "{E83958B5-D452-4431-A208-A5FA732B5193}"
EndProject
Project("{FAE04EC0-301F-11D3-BF4B-00C04F79EFBC}") = "01. Choose a Drink", "01. Choose a Drink\01. Choose a Drink.csproj", "{C62F5D51-A9B6-4168-BECD-70EFC984886E}"
EndProject
Project("{FAE04EC0-301F-11D3-BF4B-00C04F79EFBC}") = "02. Choose a Drink 2.0", "02. Choose a Drink 2.0\02. Choose a Drink 2.0.csproj", "{B630F0CF-493B-428A-BD6E-D4898F3E3BA6}"
EndProject
Project("{FAE04EC0-301F-11D3-BF4B-00C04F79EFBC}") = "03. Restaurant Discount", "03. Restaurant Discount\03. Restaurant Discount.csproj", "{989422E6-EA56-43C0-9A31-36A1A83AF879}"
EndProject
Project("{FAE04EC0-301F-11D3-BF4B-00C04F79EFBC}") = "04. Hotel", "04. Hotel\04. Hotel.csproj", "{B1E8D0E4-6C2C-41F9-A4F8-03F657099D01}"
EndProject
Project("{FAE04EC0-301F-11D3-BF4B-00C04F79EFBC}") = "05. Word in Plural", "05. Word in Plural\05. Word in Plural.csproj", "{11E6BBAC-A699-4020-A482-241B91F01B3C}"
EndProject
Project("{FAE04EC0-301F-11D3-BF4B-00C04F79EFBC}") = "06. Interval of Numbers", "06. Interval of Numbers\06. Interval of Numbers.csproj", "{D57E0B91-88E5-4EE7-81C7-51CCA7FB4308}"
EndProject
Project("{FAE04EC0-301F-11D3-BF4B-00C04F79EFBC}") = "07. Cake Ingredients", "07. Cake Ingredients\07. Cake Ingredients.csproj", "{535E9169-B685-49E3-A8EC-EB336AF6B946}"
EndProject
Project("{FAE04EC0-301F-11D3-BF4B-00C04F79EFBC}") = "08. Calories Counter", "08. Calories Counter\08. Calories Counter.csproj", "{B98467F6-E0FF-4F40-A56A-23F0BF303FD9}"
EndProject
Project("{FAE04EC0-301F-11D3-BF4B-00C04F79EFBC}") = "09. Count the Integers", "09. Count the Integers\09. Count the Integers.csproj", "{0A9D1A22-6F4B-42AE-BC03-23A50887C636}"
EndProject
Project("{FAE04EC0-301F-11D3-BF4B-00C04F79EFBC}") = "10. Triangle of Numbers", "10. Triangle of Numbers\10. Triangle of Numbers.csproj", "{733AD3B8-F69A-4B4F-A730-B4F7FA421F80}"
EndProject
Project("{FAE04EC0-301F-11D3-BF4B-00C04F79EFBC}") = "11. 5 Different Numbers", "11. 5 Different Numbers\11. 5 Different Numbers.csproj", "{BF4467FF-BCAE-46F0-906A-6C990D7D1078}"
EndProject
Project("{FAE04EC0-301F-11D3-BF4B-00C04F79EFBC}") = "12. Test Numbers", "12. Test Numbers\12. Test Numbers.csproj", "{7286DF65-56A1-48DD-AB6D-34251AE60B9C}"
EndProject
Project("{FAE04EC0-301F-11D3-BF4B-00C04F79EFBC}") = "13. Game of Numbers", "13. Game of Numbers\13. Game of Numbers.csproj", "{E147196B-6FE5-415D-8027-EEB571A9FD7D}"
EndProject
Project("{FAE04EC0-301F-11D3-BF4B-00C04F79EFBC}") = "14. Magic Letter", "14. Magic Letter\14. Magic Letter.csproj", "{AB0DAB12-E6DA-49CB-8C7F-B1E9927C8492}"
EndProject
Global
	GlobalSection(SolutionConfigurationPlatforms) = preSolution
		Debug|Any CPU = Debug|Any CPU
		Release|Any CPU = Release|Any CPU
	EndGlobalSection
	GlobalSection(ProjectConfigurationPlatforms) = postSolution
		{1A396076-1A0A-4F75-8C21-1E75DA254DE6}.Debug|Any CPU.ActiveCfg = Debug|Any CPU
		{1A396076-1A0A-4F75-8C21-1E75DA254DE6}.Debug|Any CPU.Build.0 = Debug|Any CPU
		{1A396076-1A0A-4F75-8C21-1E75DA254DE6}.Release|Any CPU.ActiveCfg = Release|Any CPU
		{1A396076-1A0A-4F75-8C21-1E75DA254DE6}.Release|Any CPU.Build.0 = Release|Any CPU
		{008E2703-3658-4196-AD0D-69924F981ADD}.Debug|Any CPU.ActiveCfg = Debug|Any CPU
		{008E2703-3658-4196-AD0D-69924F981ADD}.Debug|Any CPU.Build.0 = Debug|Any CPU
		{008E2703-3658-4196-AD0D-69924F981ADD}.Release|Any CPU.ActiveCfg = Release|Any CPU
		{008E2703-3658-4196-AD0D-69924F981ADD}.Release|Any CPU.Build.0 = Release|Any CPU
		{9D344A69-FB60-4DCE-93F9-E1D84BB0BAB9}.Debug|Any CPU.ActiveCfg = Debug|Any CPU
		{9D344A69-FB60-4DCE-93F9-E1D84BB0BAB9}.Debug|Any CPU.Build.0 = Debug|Any CPU
		{9D344A69-FB60-4DCE-93F9-E1D84BB0BAB9}.Release|Any CPU.ActiveCfg = Release|Any CPU
		{9D344A69-FB60-4DCE-93F9-E1D84BB0BAB9}.Release|Any CPU.Build.0 = Release|Any CPU
		{344B90C8-6E35-452B-94F5-7B1153A687EE}.Debug|Any CPU.ActiveCfg = Debug|Any CPU
		{344B90C8-6E35-452B-94F5-7B1153A687EE}.Debug|Any CPU.Build.0 = Debug|Any CPU
		{344B90C8-6E35-452B-94F5-7B1153A687EE}.Release|Any CPU.ActiveCfg = Release|Any CPU
		{344B90C8-6E35-452B-94F5-7B1153A687EE}.Release|Any CPU.Build.0 = Release|Any CPU
		{D1829633-6162-4FA1-A75C-F0BDEEFA7275}.Debug|Any CPU.ActiveCfg = Debug|Any CPU
		{D1829633-6162-4FA1-A75C-F0BDEEFA7275}.Debug|Any CPU.Build.0 = Debug|Any CPU
		{D1829633-6162-4FA1-A75C-F0BDEEFA7275}.Release|Any CPU.ActiveCfg = Release|Any CPU
		{D1829633-6162-4FA1-A75C-F0BDEEFA7275}.Release|Any CPU.Build.0 = Release|Any CPU
		{83ADE938-F9F1-4ED7-B90D-249EDDCB32DE}.Debug|Any CPU.ActiveCfg = Debug|Any CPU
		{83ADE938-F9F1-4ED7-B90D-249EDDCB32DE}.Debug|Any CPU.Build.0 = Debug|Any CPU
		{83ADE938-F9F1-4ED7-B90D-249EDDCB32DE}.Release|Any CPU.ActiveCfg = Release|Any CPU
		{83ADE938-F9F1-4ED7-B90D-249EDDCB32DE}.Release|Any CPU.Build.0 = Release|Any CPU
		{9F0BF355-2B9A-476A-8E75-FBB87496A426}.Debug|Any CPU.ActiveCfg = Debug|Any CPU
		{9F0BF355-2B9A-476A-8E75-FBB87496A426}.Debug|Any CPU.Build.0 = Debug|Any CPU
		{9F0BF355-2B9A-476A-8E75-FBB87496A426}.Release|Any CPU.ActiveCfg = Release|Any CPU
		{9F0BF355-2B9A-476A-8E75-FBB87496A426}.Release|Any CPU.Build.0 = Release|Any CPU
		{A318EC16-2F7D-40BA-8355-20E15CB6BFFD}.Debug|Any CPU.ActiveCfg = Debug|Any CPU
		{A318EC16-2F7D-40BA-8355-20E15CB6BFFD}.Debug|Any CPU.Build.0 = Debug|Any CPU
		{A318EC16-2F7D-40BA-8355-20E15CB6BFFD}.Release|Any CPU.ActiveCfg = Release|Any CPU
		{A318EC16-2F7D-40BA-8355-20E15CB6BFFD}.Release|Any CPU.Build.0 = Release|Any CPU
		{1717F8B4-DEE8-43FE-AE75-2669FEAEA43A}.Debug|Any CPU.ActiveCfg = Debug|Any CPU
		{1717F8B4-DEE8-43FE-AE75-2669FEAEA43A}.Debug|Any CPU.Build.0 = Debug|Any CPU
		{1717F8B4-DEE8-43FE-AE75-2669FEAEA43A}.Release|Any CPU.ActiveCfg = Release|Any CPU
		{1717F8B4-DEE8-43FE-AE75-2669FEAEA43A}.Release|Any CPU.Build.0 = Release|Any CPU
		{3FDC29B1-F28D-4E41-B8EB-D4B4567F87EF}.Debug|Any CPU.ActiveCfg = Debug|Any CPU
		{3FDC29B1-F28D-4E41-B8EB-D4B4567F87EF}.Debug|Any CPU.Build.0 = Debug|Any CPU
		{3FDC29B1-F28D-4E41-B8EB-D4B4567F87EF}.Release|Any CPU.ActiveCfg = Release|Any CPU
		{3FDC29B1-F28D-4E41-B8EB-D4B4567F87EF}.Release|Any CPU.Build.0 = Release|Any CPU
		{AF3A2B8D-B42B-4103-A4AD-3C87E4508B87}.Debug|Any CPU.ActiveCfg = Debug|Any CPU
		{AF3A2B8D-B42B-4103-A4AD-3C87E4508B87}.Debug|Any CPU.Build.0 = Debug|Any CPU
		{AF3A2B8D-B42B-4103-A4AD-3C87E4508B87}.Release|Any CPU.ActiveCfg = Release|Any CPU
		{AF3A2B8D-B42B-4103-A4AD-3C87E4508B87}.Release|Any CPU.Build.0 = Release|Any CPU
		{E4EE8F30-597E-42FC-816B-15CF5C2F303A}.Debug|Any CPU.ActiveCfg = Debug|Any CPU
		{E4EE8F30-597E-42FC-816B-15CF5C2F303A}.Debug|Any CPU.Build.0 = Debug|Any CPU
		{E4EE8F30-597E-42FC-816B-15CF5C2F303A}.Release|Any CPU.ActiveCfg = Release|Any CPU
		{E4EE8F30-597E-42FC-816B-15CF5C2F303A}.Release|Any CPU.Build.0 = Release|Any CPU
		{88833863-65C9-48B5-8AFC-786A6644F774}.Debug|Any CPU.ActiveCfg = Debug|Any CPU
		{88833863-65C9-48B5-8AFC-786A6644F774}.Debug|Any CPU.Build.0 = Debug|Any CPU
		{88833863-65C9-48B5-8AFC-786A6644F774}.Release|Any CPU.ActiveCfg = Release|Any CPU
		{88833863-65C9-48B5-8AFC-786A6644F774}.Release|Any CPU.Build.0 = Release|Any CPU
		{94CB4FCA-DAEF-4148-9757-9DEE96C86EE6}.Debug|Any CPU.ActiveCfg = Debug|Any CPU
		{94CB4FCA-DAEF-4148-9757-9DEE96C86EE6}.Debug|Any CPU.Build.0 = Debug|Any CPU
		{94CB4FCA-DAEF-4148-9757-9DEE96C86EE6}.Release|Any CPU.ActiveCfg = Release|Any CPU
		{94CB4FCA-DAEF-4148-9757-9DEE96C86EE6}.Release|Any CPU.Build.0 = Release|Any CPU
		{19481DBC-BC5B-46A9-A333-3C932BCFB81C}.Debug|Any CPU.ActiveCfg = Debug|Any CPU
		{19481DBC-BC5B-46A9-A333-3C932BCFB81C}.Debug|Any CPU.Build.0 = Debug|Any CPU
		{19481DBC-BC5B-46A9-A333-3C932BCFB81C}.Release|Any CPU.ActiveCfg = Release|Any CPU
		{19481DBC-BC5B-46A9-A333-3C932BCFB81C}.Release|Any CPU.Build.0 = Release|Any CPU
		{70E9D4A7-3BB2-4E78-BAF9-5F96E83F80F5}.Debug|Any CPU.ActiveCfg = Debug|Any CPU
		{70E9D4A7-3BB2-4E78-BAF9-5F96E83F80F5}.Debug|Any CPU.Build.0 = Debug|Any CPU
		{70E9D4A7-3BB2-4E78-BAF9-5F96E83F80F5}.Release|Any CPU.ActiveCfg = Release|Any CPU
		{70E9D4A7-3BB2-4E78-BAF9-5F96E83F80F5}.Release|Any CPU.Build.0 = Release|Any CPU
		{8E399E34-07E8-4A81-8B8A-49544CC7D175}.Debug|Any CPU.ActiveCfg = Debug|Any CPU
		{8E399E34-07E8-4A81-8B8A-49544CC7D175}.Debug|Any CPU.Build.0 = Debug|Any CPU
		{8E399E34-07E8-4A81-8B8A-49544CC7D175}.Release|Any CPU.ActiveCfg = Release|Any CPU
		{8E399E34-07E8-4A81-8B8A-49544CC7D175}.Release|Any CPU.Build.0 = Release|Any CPU
		{160E179F-C5EF-44AE-A489-B4054B25D124}.Debug|Any CPU.ActiveCfg = Debug|Any CPU
		{160E179F-C5EF-44AE-A489-B4054B25D124}.Debug|Any CPU.Build.0 = Debug|Any CPU
		{160E179F-C5EF-44AE-A489-B4054B25D124}.Release|Any CPU.ActiveCfg = Release|Any CPU
		{160E179F-C5EF-44AE-A489-B4054B25D124}.Release|Any CPU.Build.0 = Release|Any CPU
		{54CE1908-1F94-497C-BB61-14D8663D8667}.Debug|Any CPU.ActiveCfg = Debug|Any CPU
		{54CE1908-1F94-497C-BB61-14D8663D8667}.Debug|Any CPU.Build.0 = Debug|Any CPU
		{54CE1908-1F94-497C-BB61-14D8663D8667}.Release|Any CPU.ActiveCfg = Release|Any CPU
		{54CE1908-1F94-497C-BB61-14D8663D8667}.Release|Any CPU.Build.0 = Release|Any CPU
		{055869A0-5A83-4DC7-AED0-B35DC0CC1CB3}.Debug|Any CPU.ActiveCfg = Debug|Any CPU
		{055869A0-5A83-4DC7-AED0-B35DC0CC1CB3}.Debug|Any CPU.Build.0 = Debug|Any CPU
		{055869A0-5A83-4DC7-AED0-B35DC0CC1CB3}.Release|Any CPU.ActiveCfg = Release|Any CPU
		{055869A0-5A83-4DC7-AED0-B35DC0CC1CB3}.Release|Any CPU.Build.0 = Release|Any CPU
		{C8478484-7B64-4A52-9C05-A1BC2B382B98}.Debug|Any CPU.ActiveCfg = Debug|Any CPU
		{C8478484-7B64-4A52-9C05-A1BC2B382B98}.Debug|Any CPU.Build.0 = Debug|Any CPU
		{C8478484-7B64-4A52-9C05-A1BC2B382B98}.Release|Any CPU.ActiveCfg = Release|Any CPU
		{C8478484-7B64-4A52-9C05-A1BC2B382B98}.Release|Any CPU.Build.0 = Release|Any CPU
		{81743F37-A4A0-403E-8FB3-0A6AEA12C713}.Debug|Any CPU.ActiveCfg = Debug|Any CPU
		{81743F37-A4A0-403E-8FB3-0A6AEA12C713}.Debug|Any CPU.Build.0 = Debug|Any CPU
		{81743F37-A4A0-403E-8FB3-0A6AEA12C713}.Release|Any CPU.ActiveCfg = Release|Any CPU
		{81743F37-A4A0-403E-8FB3-0A6AEA12C713}.Release|Any CPU.Build.0 = Release|Any CPU
		{556992F1-70A4-4C4A-A424-7204CFD02397}.Debug|Any CPU.ActiveCfg = Debug|Any CPU
		{556992F1-70A4-4C4A-A424-7204CFD02397}.Debug|Any CPU.Build.0 = Debug|Any CPU
		{556992F1-70A4-4C4A-A424-7204CFD02397}.Release|Any CPU.ActiveCfg = Release|Any CPU
		{556992F1-70A4-4C4A-A424-7204CFD02397}.Release|Any CPU.Build.0 = Release|Any CPU
		{91746F6A-B02B-4650-AD96-042F5B833DE4}.Debug|Any CPU.ActiveCfg = Debug|Any CPU
		{91746F6A-B02B-4650-AD96-042F5B833DE4}.Debug|Any CPU.Build.0 = Debug|Any CPU
		{91746F6A-B02B-4650-AD96-042F5B833DE4}.Release|Any CPU.ActiveCfg = Release|Any CPU
		{91746F6A-B02B-4650-AD96-042F5B833DE4}.Release|Any CPU.Build.0 = Release|Any CPU
		{A3F836EE-905A-42A8-9016-A88A714C2864}.Debug|Any CPU.ActiveCfg = Debug|Any CPU
		{A3F836EE-905A-42A8-9016-A88A714C2864}.Debug|Any CPU.Build.0 = Debug|Any CPU
		{A3F836EE-905A-42A8-9016-A88A714C2864}.Release|Any CPU.ActiveCfg = Release|Any CPU
		{A3F836EE-905A-42A8-9016-A88A714C2864}.Release|Any CPU.Build.0 = Release|Any CPU
		{789984BA-47EE-46CA-9F07-8914222A6EA9}.Debug|Any CPU.ActiveCfg = Debug|Any CPU
		{789984BA-47EE-46CA-9F07-8914222A6EA9}.Debug|Any CPU.Build.0 = Debug|Any CPU
		{789984BA-47EE-46CA-9F07-8914222A6EA9}.Release|Any CPU.ActiveCfg = Release|Any CPU
		{789984BA-47EE-46CA-9F07-8914222A6EA9}.Release|Any CPU.Build.0 = Release|Any CPU
		{C2EE86D8-6E88-4F0F-B6EB-9795432BA8C2}.Debug|Any CPU.ActiveCfg = Debug|Any CPU
		{C2EE86D8-6E88-4F0F-B6EB-9795432BA8C2}.Debug|Any CPU.Build.0 = Debug|Any CPU
		{C2EE86D8-6E88-4F0F-B6EB-9795432BA8C2}.Release|Any CPU.ActiveCfg = Release|Any CPU
		{C2EE86D8-6E88-4F0F-B6EB-9795432BA8C2}.Release|Any CPU.Build.0 = Release|Any CPU
		{7FF8C4AB-5CC3-496D-A0BC-C2BD1E04120B}.Debug|Any CPU.ActiveCfg = Debug|Any CPU
		{7FF8C4AB-5CC3-496D-A0BC-C2BD1E04120B}.Debug|Any CPU.Build.0 = Debug|Any CPU
		{7FF8C4AB-5CC3-496D-A0BC-C2BD1E04120B}.Release|Any CPU.ActiveCfg = Release|Any CPU
		{7FF8C4AB-5CC3-496D-A0BC-C2BD1E04120B}.Release|Any CPU.Build.0 = Release|Any CPU
		{49D8D4A6-24FB-41C1-8C23-3B75CB8DC0B8}.Debug|Any CPU.ActiveCfg = Debug|Any CPU
		{49D8D4A6-24FB-41C1-8C23-3B75CB8DC0B8}.Debug|Any CPU.Build.0 = Debug|Any CPU
		{49D8D4A6-24FB-41C1-8C23-3B75CB8DC0B8}.Release|Any CPU.ActiveCfg = Release|Any CPU
		{49D8D4A6-24FB-41C1-8C23-3B75CB8DC0B8}.Release|Any CPU.Build.0 = Release|Any CPU
		{6F393CC7-4D2B-41FE-9B54-11F8C741FEC6}.Debug|Any CPU.ActiveCfg = Debug|Any CPU
		{6F393CC7-4D2B-41FE-9B54-11F8C741FEC6}.Debug|Any CPU.Build.0 = Debug|Any CPU
		{6F393CC7-4D2B-41FE-9B54-11F8C741FEC6}.Release|Any CPU.ActiveCfg = Release|Any CPU
		{6F393CC7-4D2B-41FE-9B54-11F8C741FEC6}.Release|Any CPU.Build.0 = Release|Any CPU
		{AC7008AB-A50E-4343-950F-C3C3810F0287}.Debug|Any CPU.ActiveCfg = Debug|Any CPU
		{AC7008AB-A50E-4343-950F-C3C3810F0287}.Debug|Any CPU.Build.0 = Debug|Any CPU
		{AC7008AB-A50E-4343-950F-C3C3810F0287}.Release|Any CPU.ActiveCfg = Release|Any CPU
		{AC7008AB-A50E-4343-950F-C3C3810F0287}.Release|Any CPU.Build.0 = Release|Any CPU
		{06A9A688-778D-4FFC-A390-BBDEC7AAE8B0}.Debug|Any CPU.ActiveCfg = Debug|Any CPU
		{06A9A688-778D-4FFC-A390-BBDEC7AAE8B0}.Debug|Any CPU.Build.0 = Debug|Any CPU
		{06A9A688-778D-4FFC-A390-BBDEC7AAE8B0}.Release|Any CPU.ActiveCfg = Release|Any CPU
		{06A9A688-778D-4FFC-A390-BBDEC7AAE8B0}.Release|Any CPU.Build.0 = Release|Any CPU
		{7E925606-A8B9-44B8-8B5B-3C7EE5AB5324}.Debug|Any CPU.ActiveCfg = Debug|Any CPU
		{7E925606-A8B9-44B8-8B5B-3C7EE5AB5324}.Debug|Any CPU.Build.0 = Debug|Any CPU
		{7E925606-A8B9-44B8-8B5B-3C7EE5AB5324}.Release|Any CPU.ActiveCfg = Release|Any CPU
		{7E925606-A8B9-44B8-8B5B-3C7EE5AB5324}.Release|Any CPU.Build.0 = Release|Any CPU
		{4B33438D-C650-4627-B5F9-F20A5ECFDBEB}.Debug|Any CPU.ActiveCfg = Debug|Any CPU
		{4B33438D-C650-4627-B5F9-F20A5ECFDBEB}.Debug|Any CPU.Build.0 = Debug|Any CPU
		{4B33438D-C650-4627-B5F9-F20A5ECFDBEB}.Release|Any CPU.ActiveCfg = Release|Any CPU
		{4B33438D-C650-4627-B5F9-F20A5ECFDBEB}.Release|Any CPU.Build.0 = Release|Any CPU
		{81BFB2E4-B4AB-4E39-BD8F-1B444AC6369A}.Debug|Any CPU.ActiveCfg = Debug|Any CPU
		{81BFB2E4-B4AB-4E39-BD8F-1B444AC6369A}.Debug|Any CPU.Build.0 = Debug|Any CPU
		{81BFB2E4-B4AB-4E39-BD8F-1B444AC6369A}.Release|Any CPU.ActiveCfg = Release|Any CPU
		{81BFB2E4-B4AB-4E39-BD8F-1B444AC6369A}.Release|Any CPU.Build.0 = Release|Any CPU
		{FBD7152E-C0B6-4E70-87D4-0D40B72C0BD3}.Debug|Any CPU.ActiveCfg = Debug|Any CPU
		{FBD7152E-C0B6-4E70-87D4-0D40B72C0BD3}.Debug|Any CPU.Build.0 = Debug|Any CPU
		{FBD7152E-C0B6-4E70-87D4-0D40B72C0BD3}.Release|Any CPU.ActiveCfg = Release|Any CPU
		{FBD7152E-C0B6-4E70-87D4-0D40B72C0BD3}.Release|Any CPU.Build.0 = Release|Any CPU
		{AAFEFEED-6655-4742-BC3E-131EBC668E77}.Debug|Any CPU.ActiveCfg = Debug|Any CPU
		{AAFEFEED-6655-4742-BC3E-131EBC668E77}.Debug|Any CPU.Build.0 = Debug|Any CPU
		{AAFEFEED-6655-4742-BC3E-131EBC668E77}.Release|Any CPU.ActiveCfg = Release|Any CPU
		{AAFEFEED-6655-4742-BC3E-131EBC668E77}.Release|Any CPU.Build.0 = Release|Any CPU
		{A1E66E08-AEC2-4C4A-92D9-F4B821022C0A}.Debug|Any CPU.ActiveCfg = Debug|Any CPU
		{A1E66E08-AEC2-4C4A-92D9-F4B821022C0A}.Debug|Any CPU.Build.0 = Debug|Any CPU
		{A1E66E08-AEC2-4C4A-92D9-F4B821022C0A}.Release|Any CPU.ActiveCfg = Release|Any CPU
		{A1E66E08-AEC2-4C4A-92D9-F4B821022C0A}.Release|Any CPU.Build.0 = Release|Any CPU
		{A16C25A9-4315-44A0-AC6E-1F4F64ED3600}.Debug|Any CPU.ActiveCfg = Debug|Any CPU
		{A16C25A9-4315-44A0-AC6E-1F4F64ED3600}.Debug|Any CPU.Build.0 = Debug|Any CPU
		{A16C25A9-4315-44A0-AC6E-1F4F64ED3600}.Release|Any CPU.ActiveCfg = Release|Any CPU
		{A16C25A9-4315-44A0-AC6E-1F4F64ED3600}.Release|Any CPU.Build.0 = Release|Any CPU
		{34DB5B37-0631-4A18-93D9-2CA84A0CF067}.Debug|Any CPU.ActiveCfg = Debug|Any CPU
		{34DB5B37-0631-4A18-93D9-2CA84A0CF067}.Debug|Any CPU.Build.0 = Debug|Any CPU
		{34DB5B37-0631-4A18-93D9-2CA84A0CF067}.Release|Any CPU.ActiveCfg = Release|Any CPU
		{34DB5B37-0631-4A18-93D9-2CA84A0CF067}.Release|Any CPU.Build.0 = Release|Any CPU
		{C62F5D51-A9B6-4168-BECD-70EFC984886E}.Debug|Any CPU.ActiveCfg = Debug|Any CPU
		{C62F5D51-A9B6-4168-BECD-70EFC984886E}.Debug|Any CPU.Build.0 = Debug|Any CPU
		{C62F5D51-A9B6-4168-BECD-70EFC984886E}.Release|Any CPU.ActiveCfg = Release|Any CPU
		{C62F5D51-A9B6-4168-BECD-70EFC984886E}.Release|Any CPU.Build.0 = Release|Any CPU
		{B630F0CF-493B-428A-BD6E-D4898F3E3BA6}.Debug|Any CPU.ActiveCfg = Debug|Any CPU
		{B630F0CF-493B-428A-BD6E-D4898F3E3BA6}.Debug|Any CPU.Build.0 = Debug|Any CPU
		{B630F0CF-493B-428A-BD6E-D4898F3E3BA6}.Release|Any CPU.ActiveCfg = Release|Any CPU
		{B630F0CF-493B-428A-BD6E-D4898F3E3BA6}.Release|Any CPU.Build.0 = Release|Any CPU
		{989422E6-EA56-43C0-9A31-36A1A83AF879}.Debug|Any CPU.ActiveCfg = Debug|Any CPU
		{989422E6-EA56-43C0-9A31-36A1A83AF879}.Debug|Any CPU.Build.0 = Debug|Any CPU
		{989422E6-EA56-43C0-9A31-36A1A83AF879}.Release|Any CPU.ActiveCfg = Release|Any CPU
		{989422E6-EA56-43C0-9A31-36A1A83AF879}.Release|Any CPU.Build.0 = Release|Any CPU
		{B1E8D0E4-6C2C-41F9-A4F8-03F657099D01}.Debug|Any CPU.ActiveCfg = Debug|Any CPU
		{B1E8D0E4-6C2C-41F9-A4F8-03F657099D01}.Debug|Any CPU.Build.0 = Debug|Any CPU
		{B1E8D0E4-6C2C-41F9-A4F8-03F657099D01}.Release|Any CPU.ActiveCfg = Release|Any CPU
		{B1E8D0E4-6C2C-41F9-A4F8-03F657099D01}.Release|Any CPU.Build.0 = Release|Any CPU
		{11E6BBAC-A699-4020-A482-241B91F01B3C}.Debug|Any CPU.ActiveCfg = Debug|Any CPU
		{11E6BBAC-A699-4020-A482-241B91F01B3C}.Debug|Any CPU.Build.0 = Debug|Any CPU
		{11E6BBAC-A699-4020-A482-241B91F01B3C}.Release|Any CPU.ActiveCfg = Release|Any CPU
		{11E6BBAC-A699-4020-A482-241B91F01B3C}.Release|Any CPU.Build.0 = Release|Any CPU
		{D57E0B91-88E5-4EE7-81C7-51CCA7FB4308}.Debug|Any CPU.ActiveCfg = Debug|Any CPU
		{D57E0B91-88E5-4EE7-81C7-51CCA7FB4308}.Debug|Any CPU.Build.0 = Debug|Any CPU
		{D57E0B91-88E5-4EE7-81C7-51CCA7FB4308}.Release|Any CPU.ActiveCfg = Release|Any CPU
		{D57E0B91-88E5-4EE7-81C7-51CCA7FB4308}.Release|Any CPU.Build.0 = Release|Any CPU
		{535E9169-B685-49E3-A8EC-EB336AF6B946}.Debug|Any CPU.ActiveCfg = Debug|Any CPU
		{535E9169-B685-49E3-A8EC-EB336AF6B946}.Debug|Any CPU.Build.0 = Debug|Any CPU
		{535E9169-B685-49E3-A8EC-EB336AF6B946}.Release|Any CPU.ActiveCfg = Release|Any CPU
		{535E9169-B685-49E3-A8EC-EB336AF6B946}.Release|Any CPU.Build.0 = Release|Any CPU
		{B98467F6-E0FF-4F40-A56A-23F0BF303FD9}.Debug|Any CPU.ActiveCfg = Debug|Any CPU
		{B98467F6-E0FF-4F40-A56A-23F0BF303FD9}.Debug|Any CPU.Build.0 = Debug|Any CPU
		{B98467F6-E0FF-4F40-A56A-23F0BF303FD9}.Release|Any CPU.ActiveCfg = Release|Any CPU
		{B98467F6-E0FF-4F40-A56A-23F0BF303FD9}.Release|Any CPU.Build.0 = Release|Any CPU
		{0A9D1A22-6F4B-42AE-BC03-23A50887C636}.Debug|Any CPU.ActiveCfg = Debug|Any CPU
		{0A9D1A22-6F4B-42AE-BC03-23A50887C636}.Debug|Any CPU.Build.0 = Debug|Any CPU
		{0A9D1A22-6F4B-42AE-BC03-23A50887C636}.Release|Any CPU.ActiveCfg = Release|Any CPU
		{0A9D1A22-6F4B-42AE-BC03-23A50887C636}.Release|Any CPU.Build.0 = Release|Any CPU
		{733AD3B8-F69A-4B4F-A730-B4F7FA421F80}.Debug|Any CPU.ActiveCfg = Debug|Any CPU
		{733AD3B8-F69A-4B4F-A730-B4F7FA421F80}.Debug|Any CPU.Build.0 = Debug|Any CPU
		{733AD3B8-F69A-4B4F-A730-B4F7FA421F80}.Release|Any CPU.ActiveCfg = Release|Any CPU
		{733AD3B8-F69A-4B4F-A730-B4F7FA421F80}.Release|Any CPU.Build.0 = Release|Any CPU
		{BF4467FF-BCAE-46F0-906A-6C990D7D1078}.Debug|Any CPU.ActiveCfg = Debug|Any CPU
		{BF4467FF-BCAE-46F0-906A-6C990D7D1078}.Debug|Any CPU.Build.0 = Debug|Any CPU
		{BF4467FF-BCAE-46F0-906A-6C990D7D1078}.Release|Any CPU.ActiveCfg = Release|Any CPU
		{BF4467FF-BCAE-46F0-906A-6C990D7D1078}.Release|Any CPU.Build.0 = Release|Any CPU
		{7286DF65-56A1-48DD-AB6D-34251AE60B9C}.Debug|Any CPU.ActiveCfg = Debug|Any CPU
		{7286DF65-56A1-48DD-AB6D-34251AE60B9C}.Debug|Any CPU.Build.0 = Debug|Any CPU
		{7286DF65-56A1-48DD-AB6D-34251AE60B9C}.Release|Any CPU.ActiveCfg = Release|Any CPU
		{7286DF65-56A1-48DD-AB6D-34251AE60B9C}.Release|Any CPU.Build.0 = Release|Any CPU
		{E147196B-6FE5-415D-8027-EEB571A9FD7D}.Debug|Any CPU.ActiveCfg = Debug|Any CPU
		{E147196B-6FE5-415D-8027-EEB571A9FD7D}.Debug|Any CPU.Build.0 = Debug|Any CPU
		{E147196B-6FE5-415D-8027-EEB571A9FD7D}.Release|Any CPU.ActiveCfg = Release|Any CPU
		{E147196B-6FE5-415D-8027-EEB571A9FD7D}.Release|Any CPU.Build.0 = Release|Any CPU
		{AB0DAB12-E6DA-49CB-8C7F-B1E9927C8492}.Debug|Any CPU.ActiveCfg = Debug|Any CPU
		{AB0DAB12-E6DA-49CB-8C7F-B1E9927C8492}.Debug|Any CPU.Build.0 = Debug|Any CPU
		{AB0DAB12-E6DA-49CB-8C7F-B1E9927C8492}.Release|Any CPU.ActiveCfg = Release|Any CPU
		{AB0DAB12-E6DA-49CB-8C7F-B1E9927C8492}.Release|Any CPU.Build.0 = Release|Any CPU
	EndGlobalSection
	GlobalSection(SolutionProperties) = preSolution
		HideSolutionNode = FALSE
	EndGlobalSection
	GlobalSection(NestedProjects) = preSolution
		{1A396076-1A0A-4F75-8C21-1E75DA254DE6} = {CEB87C5E-60BE-4098-8759-BF3DAC434C69}
		{008E2703-3658-4196-AD0D-69924F981ADD} = {CEB87C5E-60BE-4098-8759-BF3DAC434C69}
		{9D344A69-FB60-4DCE-93F9-E1D84BB0BAB9} = {CEB87C5E-60BE-4098-8759-BF3DAC434C69}
		{344B90C8-6E35-452B-94F5-7B1153A687EE} = {CEB87C5E-60BE-4098-8759-BF3DAC434C69}
		{D1829633-6162-4FA1-A75C-F0BDEEFA7275} = {CEB87C5E-60BE-4098-8759-BF3DAC434C69}
		{83ADE938-F9F1-4ED7-B90D-249EDDCB32DE} = {CEB87C5E-60BE-4098-8759-BF3DAC434C69}
		{9F0BF355-2B9A-476A-8E75-FBB87496A426} = {CEB87C5E-60BE-4098-8759-BF3DAC434C69}
		{A318EC16-2F7D-40BA-8355-20E15CB6BFFD} = {F2B2C3AE-A3BF-49A0-87D5-07263A65E422}
		{1717F8B4-DEE8-43FE-AE75-2669FEAEA43A} = {F2B2C3AE-A3BF-49A0-87D5-07263A65E422}
		{3FDC29B1-F28D-4E41-B8EB-D4B4567F87EF} = {F2B2C3AE-A3BF-49A0-87D5-07263A65E422}
		{AF3A2B8D-B42B-4103-A4AD-3C87E4508B87} = {F2B2C3AE-A3BF-49A0-87D5-07263A65E422}
		{E4EE8F30-597E-42FC-816B-15CF5C2F303A} = {F2B2C3AE-A3BF-49A0-87D5-07263A65E422}
		{88833863-65C9-48B5-8AFC-786A6644F774} = {F2B2C3AE-A3BF-49A0-87D5-07263A65E422}
		{94CB4FCA-DAEF-4148-9757-9DEE96C86EE6} = {F2B2C3AE-A3BF-49A0-87D5-07263A65E422}
		{19481DBC-BC5B-46A9-A333-3C932BCFB81C} = {F2B2C3AE-A3BF-49A0-87D5-07263A65E422}
		{70E9D4A7-3BB2-4E78-BAF9-5F96E83F80F5} = {F2B2C3AE-A3BF-49A0-87D5-07263A65E422}
		{8E399E34-07E8-4A81-8B8A-49544CC7D175} = {F2B2C3AE-A3BF-49A0-87D5-07263A65E422}
		{160E179F-C5EF-44AE-A489-B4054B25D124} = {F2B2C3AE-A3BF-49A0-87D5-07263A65E422}
		{54CE1908-1F94-497C-BB61-14D8663D8667} = {F2B2C3AE-A3BF-49A0-87D5-07263A65E422}
		{055869A0-5A83-4DC7-AED0-B35DC0CC1CB3} = {F2B2C3AE-A3BF-49A0-87D5-07263A65E422}
		{C8478484-7B64-4A52-9C05-A1BC2B382B98} = {F2B2C3AE-A3BF-49A0-87D5-07263A65E422}
		{81743F37-A4A0-403E-8FB3-0A6AEA12C713} = {F2B2C3AE-A3BF-49A0-87D5-07263A65E422}
		{556992F1-70A4-4C4A-A424-7204CFD02397} = {F2B2C3AE-A3BF-49A0-87D5-07263A65E422}
		{C34D3143-7C60-468B-89B5-CF9DB59A6C2E} = {44AAAADC-B651-4B17-8DBE-6B25CE4F6C1B}
		{91746F6A-B02B-4650-AD96-042F5B833DE4} = {C34D3143-7C60-468B-89B5-CF9DB59A6C2E}
		{A3F836EE-905A-42A8-9016-A88A714C2864} = {C34D3143-7C60-468B-89B5-CF9DB59A6C2E}
		{789984BA-47EE-46CA-9F07-8914222A6EA9} = {C34D3143-7C60-468B-89B5-CF9DB59A6C2E}
		{C2EE86D8-6E88-4F0F-B6EB-9795432BA8C2} = {C34D3143-7C60-468B-89B5-CF9DB59A6C2E}
		{7FF8C4AB-5CC3-496D-A0BC-C2BD1E04120B} = {C34D3143-7C60-468B-89B5-CF9DB59A6C2E}
		{EAF05BB3-D725-4DDA-B2DB-495342B3C21B} = {44AAAADC-B651-4B17-8DBE-6B25CE4F6C1B}
		{49D8D4A6-24FB-41C1-8C23-3B75CB8DC0B8} = {EAF05BB3-D725-4DDA-B2DB-495342B3C21B}
		{6F393CC7-4D2B-41FE-9B54-11F8C741FEC6} = {EAF05BB3-D725-4DDA-B2DB-495342B3C21B}
		{AC7008AB-A50E-4343-950F-C3C3810F0287} = {EAF05BB3-D725-4DDA-B2DB-495342B3C21B}
		{06A9A688-778D-4FFC-A390-BBDEC7AAE8B0} = {EAF05BB3-D725-4DDA-B2DB-495342B3C21B}
		{7E925606-A8B9-44B8-8B5B-3C7EE5AB5324} = {EAF05BB3-D725-4DDA-B2DB-495342B3C21B}
		{4B33438D-C650-4627-B5F9-F20A5ECFDBEB} = {EAF05BB3-D725-4DDA-B2DB-495342B3C21B}
		{81BFB2E4-B4AB-4E39-BD8F-1B444AC6369A} = {EAF05BB3-D725-4DDA-B2DB-495342B3C21B}
		{FBD7152E-C0B6-4E70-87D4-0D40B72C0BD3} = {EAF05BB3-D725-4DDA-B2DB-495342B3C21B}
		{AAFEFEED-6655-4742-BC3E-131EBC668E77} = {EAF05BB3-D725-4DDA-B2DB-495342B3C21B}
		{A1E66E08-AEC2-4C4A-92D9-F4B821022C0A} = {EAF05BB3-D725-4DDA-B2DB-495342B3C21B}
		{A16C25A9-4315-44A0-AC6E-1F4F64ED3600} = {EAF05BB3-D725-4DDA-B2DB-495342B3C21B}
		{34DB5B37-0631-4A18-93D9-2CA84A0CF067} = {EAF05BB3-D725-4DDA-B2DB-495342B3C21B}
		{E83958B5-D452-4431-A208-A5FA732B5193} = {44AAAADC-B651-4B17-8DBE-6B25CE4F6C1B}
		{C62F5D51-A9B6-4168-BECD-70EFC984886E} = {E83958B5-D452-4431-A208-A5FA732B5193}
		{B630F0CF-493B-428A-BD6E-D4898F3E3BA6} = {E83958B5-D452-4431-A208-A5FA732B5193}
		{989422E6-EA56-43C0-9A31-36A1A83AF879} = {E83958B5-D452-4431-A208-A5FA732B5193}
		{B1E8D0E4-6C2C-41F9-A4F8-03F657099D01} = {E83958B5-D452-4431-A208-A5FA732B5193}
		{11E6BBAC-A699-4020-A482-241B91F01B3C} = {E83958B5-D452-4431-A208-A5FA732B5193}
		{D57E0B91-88E5-4EE7-81C7-51CCA7FB4308} = {E83958B5-D452-4431-A208-A5FA732B5193}
		{535E9169-B685-49E3-A8EC-EB336AF6B946} = {E83958B5-D452-4431-A208-A5FA732B5193}
		{B98467F6-E0FF-4F40-A56A-23F0BF303FD9} = {E83958B5-D452-4431-A208-A5FA732B5193}
		{0A9D1A22-6F4B-42AE-BC03-23A50887C636} = {E83958B5-D452-4431-A208-A5FA732B5193}
		{733AD3B8-F69A-4B4F-A730-B4F7FA421F80} = {E83958B5-D452-4431-A208-A5FA732B5193}
		{BF4467FF-BCAE-46F0-906A-6C990D7D1078} = {E83958B5-D452-4431-A208-A5FA732B5193}
		{7286DF65-56A1-48DD-AB6D-34251AE60B9C} = {E83958B5-D452-4431-A208-A5FA732B5193}
		{E147196B-6FE5-415D-8027-EEB571A9FD7D} = {E83958B5-D452-4431-A208-A5FA732B5193}
		{AB0DAB12-E6DA-49CB-8C7F-B1E9927C8492} = {E83958B5-D452-4431-A208-A5FA732B5193}
	EndGlobalSection
EndGlobal
