
Microsoft Visual Studio Solution File, Format Version 12.00
# Visual Studio 14
VisualStudioVersion = 14.0.25420.1
MinimumVisualStudioVersion = 10.0.40219.1
Project("{2150E333-8FDC-42A3-9474-1A3956D46DE8}") = "Lab", "Lab", "{B64D7AB2-0D3E-44FF-AA62-1C0D6BF94023}"
EndProject
Project("{2150E333-8FDC-42A3-9474-1A3956D46DE8}") = "Exercises", "Exercises", "{52234056-4AE0-40F9-9540-B3942124DD84}"
EndProject
Project("{2150E333-8FDC-42A3-9474-1A3956D46DE8}") = "11. Arrays - Lab", "11. Arrays - Lab", "{45B75F07-B24E-4675-BEAB-A3CECF422241}"
EndProject
Project("{FAE04EC0-301F-11D3-BF4B-00C04F79EFBC}") = "01. Sum Array Elements", "01. Sum Array Elements\01. Sum Array Elements.csproj", "{6B991D1E-9B0C-46B3-876B-A115BE91E449}"
EndProject
Project("{FAE04EC0-301F-11D3-BF4B-00C04F79EFBC}") = "02. Multiply an Array of Doubles", "02. Multiply an Array of Doubles\02. Multiply an Array of Doubles.csproj", "{DB3BAA3E-6D1A-479B-90D5-86DFEA5FED27}"
EndProject
Project("{FAE04EC0-301F-11D3-BF4B-00C04F79EFBC}") = "03. Smallest Element in Array", "03. Smallest Element in Array\03. Smallest Element in Array.csproj", "{611BF99E-C502-4D95-837E-9F598D90EF57}"
EndProject
Project("{FAE04EC0-301F-11D3-BF4B-00C04F79EFBC}") = "04. Rotate Array of Strings", "04. Rotate Array of Strings\04. Rotate Array of Strings.csproj", "{B560D167-B7CE-4D7A-BECB-8B6486647D6F}"
EndProject
Project("{FAE04EC0-301F-11D3-BF4B-00C04F79EFBC}") = "05. Count of Odd Numbers in Array", "05. Count of Odd Numbers in Array\05. Count of Odd Numbers in Array.csproj", "{C458DB70-DD36-4F8D-A775-2CAD7D5A6767}"
EndProject
Project("{FAE04EC0-301F-11D3-BF4B-00C04F79EFBC}") = "06. Odd Numbers at Odd Positions", "06. Odd Numbers at Odd Positions\06. Odd Numbers at Odd Positions.csproj", "{0ACCCFD5-43CC-41FD-92BF-360A8784CF22}"
EndProject
Project("{2150E333-8FDC-42A3-9474-1A3956D46DE8}") = "12.Arrays and Methods - Exercises", "12.Arrays and Methods - Exercises", "{285B1DC6-52EE-407D-A00E-E4003207DD9B}"
EndProject
Project("{FAE04EC0-301F-11D3-BF4B-00C04F79EFBC}") = "01. Hello, Name!", "01. Hello, Name!\01. Hello, Name!.csproj", "{5E84FFA6-A676-4357-B90A-64CC61EFC120}"
EndProject
Project("{FAE04EC0-301F-11D3-BF4B-00C04F79EFBC}") = "02. Min Method", "02. Min Method\02. Min Method.csproj", "{3FA32772-EA86-4D12-88DF-FED965D7E25F}"
EndProject
Project("{FAE04EC0-301F-11D3-BF4B-00C04F79EFBC}") = "03. String Repeater", "03. String Repeater\03. String Repeater.csproj", "{437DA859-8F43-4C72-A67E-7829D9872C08}"
EndProject
Project("{FAE04EC0-301F-11D3-BF4B-00C04F79EFBC}") = "04. Nth Digit", "04. Nth Digit\04. Nth Digit.csproj", "{FEE306AF-1DE1-4A1A-943C-21FC1C13E1FE}"
EndProject
Global
	GlobalSection(SolutionConfigurationPlatforms) = preSolution
		Debug|Any CPU = Debug|Any CPU
		Release|Any CPU = Release|Any CPU
	EndGlobalSection
	GlobalSection(ProjectConfigurationPlatforms) = postSolution
		{6B991D1E-9B0C-46B3-876B-A115BE91E449}.Debug|Any CPU.ActiveCfg = Debug|Any CPU
		{6B991D1E-9B0C-46B3-876B-A115BE91E449}.Debug|Any CPU.Build.0 = Debug|Any CPU
		{6B991D1E-9B0C-46B3-876B-A115BE91E449}.Release|Any CPU.ActiveCfg = Release|Any CPU
		{6B991D1E-9B0C-46B3-876B-A115BE91E449}.Release|Any CPU.Build.0 = Release|Any CPU
		{DB3BAA3E-6D1A-479B-90D5-86DFEA5FED27}.Debug|Any CPU.ActiveCfg = Debug|Any CPU
		{DB3BAA3E-6D1A-479B-90D5-86DFEA5FED27}.Debug|Any CPU.Build.0 = Debug|Any CPU
		{DB3BAA3E-6D1A-479B-90D5-86DFEA5FED27}.Release|Any CPU.ActiveCfg = Release|Any CPU
		{DB3BAA3E-6D1A-479B-90D5-86DFEA5FED27}.Release|Any CPU.Build.0 = Release|Any CPU
		{611BF99E-C502-4D95-837E-9F598D90EF57}.Debug|Any CPU.ActiveCfg = Debug|Any CPU
		{611BF99E-C502-4D95-837E-9F598D90EF57}.Debug|Any CPU.Build.0 = Debug|Any CPU
		{611BF99E-C502-4D95-837E-9F598D90EF57}.Release|Any CPU.ActiveCfg = Release|Any CPU
		{611BF99E-C502-4D95-837E-9F598D90EF57}.Release|Any CPU.Build.0 = Release|Any CPU
		{B560D167-B7CE-4D7A-BECB-8B6486647D6F}.Debug|Any CPU.ActiveCfg = Debug|Any CPU
		{B560D167-B7CE-4D7A-BECB-8B6486647D6F}.Debug|Any CPU.Build.0 = Debug|Any CPU
		{B560D167-B7CE-4D7A-BECB-8B6486647D6F}.Release|Any CPU.ActiveCfg = Release|Any CPU
		{B560D167-B7CE-4D7A-BECB-8B6486647D6F}.Release|Any CPU.Build.0 = Release|Any CPU
		{C458DB70-DD36-4F8D-A775-2CAD7D5A6767}.Debug|Any CPU.ActiveCfg = Debug|Any CPU
		{C458DB70-DD36-4F8D-A775-2CAD7D5A6767}.Debug|Any CPU.Build.0 = Debug|Any CPU
		{C458DB70-DD36-4F8D-A775-2CAD7D5A6767}.Release|Any CPU.ActiveCfg = Release|Any CPU
		{C458DB70-DD36-4F8D-A775-2CAD7D5A6767}.Release|Any CPU.Build.0 = Release|Any CPU
		{0ACCCFD5-43CC-41FD-92BF-360A8784CF22}.Debug|Any CPU.ActiveCfg = Debug|Any CPU
		{0ACCCFD5-43CC-41FD-92BF-360A8784CF22}.Debug|Any CPU.Build.0 = Debug|Any CPU
		{0ACCCFD5-43CC-41FD-92BF-360A8784CF22}.Release|Any CPU.ActiveCfg = Release|Any CPU
		{0ACCCFD5-43CC-41FD-92BF-360A8784CF22}.Release|Any CPU.Build.0 = Release|Any CPU
		{5E84FFA6-A676-4357-B90A-64CC61EFC120}.Debug|Any CPU.ActiveCfg = Debug|Any CPU
		{5E84FFA6-A676-4357-B90A-64CC61EFC120}.Debug|Any CPU.Build.0 = Debug|Any CPU
		{5E84FFA6-A676-4357-B90A-64CC61EFC120}.Release|Any CPU.ActiveCfg = Release|Any CPU
		{5E84FFA6-A676-4357-B90A-64CC61EFC120}.Release|Any CPU.Build.0 = Release|Any CPU
		{3FA32772-EA86-4D12-88DF-FED965D7E25F}.Debug|Any CPU.ActiveCfg = Debug|Any CPU
		{3FA32772-EA86-4D12-88DF-FED965D7E25F}.Debug|Any CPU.Build.0 = Debug|Any CPU
		{3FA32772-EA86-4D12-88DF-FED965D7E25F}.Release|Any CPU.ActiveCfg = Release|Any CPU
		{3FA32772-EA86-4D12-88DF-FED965D7E25F}.Release|Any CPU.Build.0 = Release|Any CPU
		{437DA859-8F43-4C72-A67E-7829D9872C08}.Debug|Any CPU.ActiveCfg = Debug|Any CPU
		{437DA859-8F43-4C72-A67E-7829D9872C08}.Debug|Any CPU.Build.0 = Debug|Any CPU
		{437DA859-8F43-4C72-A67E-7829D9872C08}.Release|Any CPU.ActiveCfg = Release|Any CPU
		{437DA859-8F43-4C72-A67E-7829D9872C08}.Release|Any CPU.Build.0 = Release|Any CPU
		{FEE306AF-1DE1-4A1A-943C-21FC1C13E1FE}.Debug|Any CPU.ActiveCfg = Debug|Any CPU
		{FEE306AF-1DE1-4A1A-943C-21FC1C13E1FE}.Debug|Any CPU.Build.0 = Debug|Any CPU
		{FEE306AF-1DE1-4A1A-943C-21FC1C13E1FE}.Release|Any CPU.ActiveCfg = Release|Any CPU
		{FEE306AF-1DE1-4A1A-943C-21FC1C13E1FE}.Release|Any CPU.Build.0 = Release|Any CPU
	EndGlobalSection
	GlobalSection(SolutionProperties) = preSolution
		HideSolutionNode = FALSE
	EndGlobalSection
	GlobalSection(NestedProjects) = preSolution
		{45B75F07-B24E-4675-BEAB-A3CECF422241} = {B64D7AB2-0D3E-44FF-AA62-1C0D6BF94023}
		{6B991D1E-9B0C-46B3-876B-A115BE91E449} = {45B75F07-B24E-4675-BEAB-A3CECF422241}
		{DB3BAA3E-6D1A-479B-90D5-86DFEA5FED27} = {45B75F07-B24E-4675-BEAB-A3CECF422241}
		{611BF99E-C502-4D95-837E-9F598D90EF57} = {45B75F07-B24E-4675-BEAB-A3CECF422241}
		{B560D167-B7CE-4D7A-BECB-8B6486647D6F} = {45B75F07-B24E-4675-BEAB-A3CECF422241}
		{C458DB70-DD36-4F8D-A775-2CAD7D5A6767} = {45B75F07-B24E-4675-BEAB-A3CECF422241}
		{0ACCCFD5-43CC-41FD-92BF-360A8784CF22} = {45B75F07-B24E-4675-BEAB-A3CECF422241}
		{285B1DC6-52EE-407D-A00E-E4003207DD9B} = {52234056-4AE0-40F9-9540-B3942124DD84}
		{5E84FFA6-A676-4357-B90A-64CC61EFC120} = {285B1DC6-52EE-407D-A00E-E4003207DD9B}
		{3FA32772-EA86-4D12-88DF-FED965D7E25F} = {285B1DC6-52EE-407D-A00E-E4003207DD9B}
		{437DA859-8F43-4C72-A67E-7829D9872C08} = {285B1DC6-52EE-407D-A00E-E4003207DD9B}
		{FEE306AF-1DE1-4A1A-943C-21FC1C13E1FE} = {285B1DC6-52EE-407D-A00E-E4003207DD9B}
	EndGlobalSection
EndGlobal
