
Microsoft Visual Studio Solution File, Format Version 12.00
# Visual Studio 14
VisualStudioVersion = 14.0.25420.1
MinimumVisualStudioVersion = 10.0.40219.1
Project("{FAE04EC0-301F-11D3-BF4B-00C04F79EFBC}") = "Concatenate-Data", "Concatenate-Data\Concatenate-Data.csproj", "{5801C3C9-7A4D-4166-A759-C4016E43A49E}"
EndProject
Global
	GlobalSection(SolutionConfigurationPlatforms) = preSolution
		Debug|Any CPU = Debug|Any CPU
		Release|Any CPU = Release|Any CPU
	EndGlobalSection
	GlobalSection(ProjectConfigurationPlatforms) = postSolution
		{5801C3C9-7A4D-4166-A759-C4016E43A49E}.Debug|Any CPU.ActiveCfg = Debug|Any CPU
		{5801C3C9-7A4D-4166-A759-C4016E43A49E}.Debug|Any CPU.Build.0 = Debug|Any CPU
		{5801C3C9-7A4D-4166-A759-C4016E43A49E}.Release|Any CPU.ActiveCfg = Release|Any CPU
		{5801C3C9-7A4D-4166-A759-C4016E43A49E}.Release|Any CPU.Build.0 = Release|Any CPU
	EndGlobalSection
	GlobalSection(SolutionProperties) = preSolution
		HideSolutionNode = FALSE
	EndGlobalSection
EndGlobal
